// !$*UTF8*$!
{
	archiveVersion = 1;
	classes = {
	};
	objectVersion = 50;
	objects = {

/* Begin PBXBuildFile section */
		A1030D81251B393400DCBAEE /* AppDelegate.swift in Sources */ = {isa = PBXBuildFile; fileRef = A1030D80251B393400DCBAEE /* AppDelegate.swift */; };
		A1030D83251B393400DCBAEE /* ViewController.swift in Sources */ = {isa = PBXBuildFile; fileRef = A1030D82251B393400DCBAEE /* ViewController.swift */; };
		A1030D86251B393400DCBAEE /* Main.storyboard in Resources */ = {isa = PBXBuildFile; fileRef = A1030D84251B393400DCBAEE /* Main.storyboard */; };
		A1030D88251B393500DCBAEE /* Assets.xcassets in Resources */ = {isa = PBXBuildFile; fileRef = A1030D87251B393500DCBAEE /* Assets.xcassets */; };
		A1030D8B251B393500DCBAEE /* LaunchScreen.storyboard in Resources */ = {isa = PBXBuildFile; fileRef = A1030D89251B393500DCBAEE /* LaunchScreen.storyboard */; };
		A1030D93251B395C00DCBAEE /* UIViewEx1.swift in Sources */ = {isa = PBXBuildFile; fileRef = A1030D92251B395C00DCBAEE /* UIViewEx1.swift */; };
		A1030D95251B40DA00DCBAEE /* UIViewEx2.swift in Sources */ = {isa = PBXBuildFile; fileRef = A1030D94251B40DA00DCBAEE /* UIViewEx2.swift */; };
		A1030D97251B422100DCBAEE /* UIViewEx3.swift in Sources */ = {isa = PBXBuildFile; fileRef = A1030D96251B422100DCBAEE /* UIViewEx3.swift */; };
		A1030D99251B4ABF00DCBAEE /* UIViewEx4.swift in Sources */ = {isa = PBXBuildFile; fileRef = A1030D98251B4ABF00DCBAEE /* UIViewEx4.swift */; };
		A10F5B9A251C820000293A92 /* UIViewEx5.swift in Sources */ = {isa = PBXBuildFile; fileRef = A10F5B99251C820000293A92 /* UIViewEx5.swift */; };
		A1FFBF41252D412A005A7E1F /* UIViewEx6.swift in Sources */ = {isa = PBXBuildFile; fileRef = A1FFBF40252D412A005A7E1F /* UIViewEx6.swift */; };
		A1FFBF43252D4EDE005A7E1F /* UIViewEx7.swift in Sources */ = {isa = PBXBuildFile; fileRef = A1FFBF42252D4EDE005A7E1F /* UIViewEx7.swift */; };
		A1FFF77F251EFDEF00446735 /* item1ViewController.swift in Sources */ = {isa = PBXBuildFile; fileRef = A1FFF77E251EFDEF00446735 /* item1ViewController.swift */; };
/* End PBXBuildFile section */

/* Begin PBXFileReference section */
		A1030D7D251B393400DCBAEE /* UIView_test.app */ = {isa = PBXFileReference; explicitFileType = wrapper.application; includeInIndex = 0; path = UIView_test.app; sourceTree = BUILT_PRODUCTS_DIR; };
		A1030D80251B393400DCBAEE /* AppDelegate.swift */ = {isa = PBXFileReference; lastKnownFileType = sourcecode.swift; path = AppDelegate.swift; sourceTree = "<group>"; };
		A1030D82251B393400DCBAEE /* ViewController.swift */ = {isa = PBXFileReference; lastKnownFileType = sourcecode.swift; path = ViewController.swift; sourceTree = "<group>"; };
		A1030D85251B393400DCBAEE /* Base */ = {isa = PBXFileReference; lastKnownFileType = file.storyboard; name = Base; path = Base.lproj/Main.storyboard; sourceTree = "<group>"; };
		A1030D87251B393500DCBAEE /* Assets.xcassets */ = {isa = PBXFileReference; lastKnownFileType = folder.assetcatalog; path = Assets.xcassets; sourceTree = "<group>"; };
		A1030D8A251B393500DCBAEE /* Base */ = {isa = PBXFileReference; lastKnownFileType = file.storyboard; name = Base; path = Base.lproj/LaunchScreen.storyboard; sourceTree = "<group>"; };
		A1030D8C251B393500DCBAEE /* Info.plist */ = {isa = PBXFileReference; lastKnownFileType = text.plist.xml; path = Info.plist; sourceTree = "<group>"; };
		A1030D92251B395C00DCBAEE /* UIViewEx1.swift */ = {isa = PBXFileReference; lastKnownFileType = sourcecode.swift; path = UIViewEx1.swift; sourceTree = "<group>"; };
		A1030D94251B40DA00DCBAEE /* UIViewEx2.swift */ = {isa = PBXFileReference; lastKnownFileType = sourcecode.swift; path = UIViewEx2.swift; sourceTree = "<group>"; };
		A1030D96251B422100DCBAEE /* UIViewEx3.swift */ = {isa = PBXFileReference; lastKnownFileType = sourcecode.swift; path = UIViewEx3.swift; sourceTree = "<group>"; };
		A1030D98251B4ABF00DCBAEE /* UIViewEx4.swift */ = {isa = PBXFileReference; lastKnownFileType = sourcecode.swift; path = UIViewEx4.swift; sourceTree = "<group>"; };
		A10F5B99251C820000293A92 /* UIViewEx5.swift */ = {isa = PBXFileReference; lastKnownFileType = sourcecode.swift; path = UIViewEx5.swift; sourceTree = "<group>"; };
		A1FFBF40252D412A005A7E1F /* UIViewEx6.swift */ = {isa = PBXFileReference; lastKnownFileType = sourcecode.swift; path = UIViewEx6.swift; sourceTree = "<group>"; };
		A1FFBF42252D4EDE005A7E1F /* UIViewEx7.swift */ = {isa = PBXFileReference; lastKnownFileType = sourcecode.swift; path = UIViewEx7.swift; sourceTree = "<group>"; };
		A1FFF77E251EFDEF00446735 /* item1ViewController.swift */ = {isa = PBXFileReference; lastKnownFileType = sourcecode.swift; path = item1ViewController.swift; sourceTree = "<group>"; };
/* End PBXFileReference section */

/* Begin PBXFrameworksBuildPhase section */
		A1030D7A251B393400DCBAEE /* Frameworks */ = {
			isa = PBXFrameworksBuildPhase;
			buildActionMask = 2147483647;
			files = (
			);
			runOnlyForDeploymentPostprocessing = 0;
		};
/* End PBXFrameworksBuildPhase section */

/* Begin PBXGroup section */
		A1030D74251B393400DCBAEE = {
			isa = PBXGroup;
			children = (
				A1030D7F251B393400DCBAEE /* UIView_test */,
				A1030D7E251B393400DCBAEE /* Products */,
			);
			sourceTree = "<group>";
		};
		A1030D7E251B393400DCBAEE /* Products */ = {
			isa = PBXGroup;
			children = (
				A1030D7D251B393400DCBAEE /* UIView_test.app */,
			);
			name = Products;
			sourceTree = "<group>";
		};
		A1030D7F251B393400DCBAEE /* UIView_test */ = {
			isa = PBXGroup;
			children = (
				A1030D80251B393400DCBAEE /* AppDelegate.swift */,
				A1030D82251B393400DCBAEE /* ViewController.swift */,
				A1030D84251B393400DCBAEE /* Main.storyboard */,
				A1030D87251B393500DCBAEE /* Assets.xcassets */,
				A1030D89251B393500DCBAEE /* LaunchScreen.storyboard */,
				A1030D8C251B393500DCBAEE /* Info.plist */,
				A1030D92251B395C00DCBAEE /* UIViewEx1.swift */,
				A1030D94251B40DA00DCBAEE /* UIViewEx2.swift */,
				A1030D96251B422100DCBAEE /* UIViewEx3.swift */,
				A1030D98251B4ABF00DCBAEE /* UIViewEx4.swift */,
				A10F5B99251C820000293A92 /* UIViewEx5.swift */,
				A1FFBF40252D412A005A7E1F /* UIViewEx6.swift */,
				A1FFBF42252D4EDE005A7E1F /* UIViewEx7.swift */,
				A1FFF77E251EFDEF00446735 /* item1ViewController.swift */,
			);
			path = UIView_test;
			sourceTree = "<group>";
		};
/* End PBXGroup section */

/* Begin PBXNativeTarget section */
		A1030D7C251B393400DCBAEE /* UIView_test */ = {
			isa = PBXNativeTarget;
			buildConfigurationList = A1030D8F251B393500DCBAEE /* Build configuration list for PBXNativeTarget "UIView_test" */;
			buildPhases = (
				A1030D79251B393400DCBAEE /* Sources */,
				A1030D7A251B393400DCBAEE /* Frameworks */,
				A1030D7B251B393400DCBAEE /* Resources */,
			);
			buildRules = (
			);
			dependencies = (
			);
			name = UIView_test;
			productName = UIView_test;
			productReference = A1030D7D251B393400DCBAEE /* UIView_test.app */;
			productType = "com.apple.product-type.application";
		};
/* End PBXNativeTarget section */

/* Begin PBXProject section */
		A1030D75251B393400DCBAEE /* Project object */ = {
			isa = PBXProject;
			attributes = {
				LastSwiftUpdateCheck = 1000;
				LastUpgradeCheck = 1000;
				ORGANIZATIONNAME = daeseong;
				TargetAttributes = {
					A1030D7C251B393400DCBAEE = {
						CreatedOnToolsVersion = 10.0;
					};
				};
			};
			buildConfigurationList = A1030D78251B393400DCBAEE /* Build configuration list for PBXProject "UIView_test" */;
			compatibilityVersion = "Xcode 9.3";
			developmentRegion = en;
			hasScannedForEncodings = 0;
			knownRegions = (
				en,
				Base,
			);
			mainGroup = A1030D74251B393400DCBAEE;
			productRefGroup = A1030D7E251B393400DCBAEE /* Products */;
			projectDirPath = "";
			projectRoot = "";
			targets = (
				A1030D7C251B393400DCBAEE /* UIView_test */,
			);
		};
/* End PBXProject section */

/* Begin PBXResourcesBuildPhase section */
		A1030D7B251B393400DCBAEE /* Resources */ = {
			isa = PBXResourcesBuildPhase;
			buildActionMask = 2147483647;
			files = (
				A1030D8B251B393500DCBAEE /* LaunchScreen.storyboard in Resources */,
				A1030D88251B393500DCBAEE /* Assets.xcassets in Resources */,
				A1030D86251B393400DCBAEE /* Main.storyboard in Resources */,
			);
			runOnlyForDeploymentPostprocessing = 0;
		};
/* End PBXResourcesBuildPhase section */

/* Begin PBXSourcesBuildPhase section */
		A1030D79251B393400DCBAEE /* Sources */ = {
			isa = PBXSourcesBuildPhase;
			buildActionMask = 2147483647;
			files = (
				A1030D99251B4ABF00DCBAEE /* UIViewEx4.swift in Sources */,
				A10F5B9A251C820000293A92 /* UIViewEx5.swift in Sources */,
				A1030D97251B422100DCBAEE /* UIViewEx3.swift in Sources */,
				A1FFF77F251EFDEF00446735 /* item1ViewController.swift in Sources */,
				A1030D83251B393400DCBAEE /* ViewController.swift in Sources */,
				A1030D93251B395C00DCBAEE /* UIViewEx1.swift in Sources */,
				A1030D95251B40DA00DCBAEE /* UIViewEx2.swift in Sources */,
				A1FFBF43252D4EDE005A7E1F /* UIViewEx7.swift in Sources */,
				A1030D81251B393400DCBAEE /* AppDelegate.swift in Sources */,
				A1FFBF41252D412A005A7E1F /* UIViewEx6.swift in Sources */,
			);
			runOnlyForDeploymentPostprocessing = 0;
		};
/* End PBXSourcesBuildPhase section */

/* Begin PBXVariantGroup section */
		A1030D84251B393400DCBAEE /* Main.storyboard */ = {
			isa = PBXVariantGroup;
			children = (
				A1030D85251B393400DCBAEE /* Base */,
			);
			name = Main.storyboard;
			sourceTree = "<group>";
		};
		A1030D89251B393500DCBAEE /* LaunchScreen.storyboard */ = {
			isa = PBXVariantGroup;
			children = (
				A1030D8A251B393500DCBAEE /* Base */,
			);
			name = LaunchScreen.storyboard;
			sourceTree = "<group>";
		};
/* End PBXVariantGroup section */

/* Begin XCBuildConfiguration section */
		A1030D8D251B393500DCBAEE /* Debug */ = {
			isa = XCBuildConfiguration;
			buildSettings = {
				ALWAYS_SEARCH_USER_PATHS = NO;
				CLANG_ANALYZER_NONNULL = YES;
				CLANG_ANALYZER_NUMBER_OBJECT_CONVERSION = YES_AGGRESSIVE;
				CLANG_CXX_LANGUAGE_STANDARD = "gnu++14";
				CLANG_CXX_LIBRARY = "libc++";
				CLANG_ENABLE_MODULES = YES;
				CLANG_ENABLE_OBJC_ARC = YES;
				CLANG_ENABLE_OBJC_WEAK = YES;
				CLANG_WARN_BLOCK_CAPTURE_AUTORELEASING = YES;
				CLANG_WARN_BOOL_CONVERSION = YES;
				CLANG_WARN_COMMA = YES;
				CLANG_WARN_CONSTANT_CONVERSION = YES;
				CLANG_WARN_DEPRECATED_OBJC_IMPLEMENTATIONS = YES;
				CLANG_WARN_DIRECT_OBJC_ISA_USAGE = YES_ERROR;
				CLANG_WARN_DOCUMENTATION_COMMENTS = YES;
				CLANG_WARN_EMPTY_BODY = YES;
				CLANG_WARN_ENUM_CONVERSION = YES;
				CLANG_WARN_INFINITE_RECURSION = YES;
				CLANG_WARN_INT_CONVERSION = YES;
				CLANG_WARN_NON_LITERAL_NULL_CONVERSION = YES;
				CLANG_WARN_OBJC_IMPLICIT_RETAIN_SELF = YES;
				CLANG_WARN_OBJC_LITERAL_CONVERSION = YES;
				CLANG_WARN_OBJC_ROOT_CLASS = YES_ERROR;
				CLANG_WARN_RANGE_LOOP_ANALYSIS = YES;
				CLANG_WARN_STRICT_PROTOTYPES = YES;
				CLANG_WARN_SUSPICIOUS_MOVE = YES;
				CLANG_WARN_UNGUARDED_AVAILABILITY = YES_AGGRESSIVE;
				CLANG_WARN_UNREACHABLE_CODE = YES;
				CLANG_WARN__DUPLICATE_METHOD_MATCH = YES;
				CODE_SIGN_IDENTITY = "iPhone Developer";
				COPY_PHASE_STRIP = NO;
				DEBUG_INFORMATION_FORMAT = dwarf;
				ENABLE_STRICT_OBJC_MSGSEND = YES;
				ENABLE_TESTABILITY = YES;
				GCC_C_LANGUAGE_STANDARD = gnu11;
				GCC_DYNAMIC_NO_PIC = NO;
				GCC_NO_COMMON_BLOCKS = YES;
				GCC_OPTIMIZATION_LEVEL = 0;
				GCC_PREPROCESSOR_DEFINITIONS = (
					"DEBUG=1",
					"$(inherited)",
				);
				GCC_WARN_64_TO_32_BIT_CONVERSION = YES;
				GCC_WARN_ABOUT_RETURN_TYPE = YES_ERROR;
				GCC_WARN_UNDECLARED_SELECTOR = YES;
				GCC_WARN_UNINITIALIZED_AUTOS = YES_AGGRESSIVE;
				GCC_WARN_UNUSED_FUNCTION = YES;
				GCC_WARN_UNUSED_VARIABLE = YES;
				IPHONEOS_DEPLOYMENT_TARGET = 12.0;
				MTL_ENABLE_DEBUG_INFO = INCLUDE_SOURCE;
				MTL_FAST_MATH = YES;
				ONLY_ACTIVE_ARCH = YES;
				SDKROOT = iphoneos;
				SWIFT_ACTIVE_COMPILATION_CONDITIONS = DEBUG;
				SWIFT_OPTIMIZATION_LEVEL = "-Onone";
			};
			name = Debug;
		};
		A1030D8E251B393500DCBAEE /* Release */ = {
			isa = XCBuildConfiguration;
			buildSettings = {
				ALWAYS_SEARCH_USER_PATHS = NO;
				CLANG_ANALYZER_NONNULL = YES;
				CLANG_ANALYZER_NUMBER_OBJECT_CONVERSION = YES_AGGRESSIVE;
				CLANG_CXX_LANGUAGE_STANDARD = "gnu++14";
				CLANG_CXX_LIBRARY = "libc++";
				CLANG_ENABLE_MODULES = YES;
				CLANG_ENABLE_OBJC_ARC = YES;
				CLANG_ENABLE_OBJC_WEAK = YES;
				CLANG_WARN_BLOCK_CAPTURE_AUTORELEASING = YES;
				CLANG_WARN_BOOL_CONVERSION = YES;
				CLANG_WARN_COMMA = YES;
				CLANG_WARN_CONSTANT_CONVERSION = YES;
				CLANG_WARN_DEPRECATED_OBJC_IMPLEMENTATIONS = YES;
				CLANG_WARN_DIRECT_OBJC_ISA_USAGE = YES_ERROR;
				CLANG_WARN_DOCUMENTATION_COMMENTS = YES;
				CLANG_WARN_EMPTY_BODY = YES;
				CLANG_WARN_ENUM_CONVERSION = YES;
				CLANG_WARN_INFINITE_RECURSION = YES;
				CLANG_WARN_INT_CONVERSION = YES;
				CLANG_WARN_NON_LITERAL_NULL_CONVERSION = YES;
				CLANG_WARN_OBJC_IMPLICIT_RETAIN_SELF = YES;
				CLANG_WARN_OBJC_LITERAL_CONVERSION = YES;
				CLANG_WARN_OBJC_ROOT_CLASS = YES_ERROR;
				CLANG_WARN_RANGE_LOOP_ANALYSIS = YES;
				CLANG_WARN_STRICT_PROTOTYPES = YES;
				CLANG_WARN_SUSPICIOUS_MOVE = YES;
				CLANG_WARN_UNGUARDED_AVAILABILITY = YES_AGGRESSIVE;
				CLANG_WARN_UNREACHABLE_CODE = YES;
				CLANG_WARN__DUPLICATE_METHOD_MATCH = YES;
				CODE_SIGN_IDENTITY = "iPhone Developer";
				COPY_PHASE_STRIP = NO;
				DEBUG_INFORMATION_FORMAT = "dwarf-with-dsym";
				ENABLE_NS_ASSERTIONS = NO;
				ENABLE_STRICT_OBJC_MSGSEND = YES;
				GCC_C_LANGUAGE_STANDARD = gnu11;
				GCC_NO_COMMON_BLOCKS = YES;
				GCC_WARN_64_TO_32_BIT_CONVERSION = YES;
				GCC_WARN_ABOUT_RETURN_TYPE = YES_ERROR;
				GCC_WARN_UNDECLARED_SELECTOR = YES;
				GCC_WARN_UNINITIALIZED_AUTOS = YES_AGGRESSIVE;
				GCC_WARN_UNUSED_FUNCTION = YES;
				GCC_WARN_UNUSED_VARIABLE = YES;
				IPHONEOS_DEPLOYMENT_TARGET = 12.0;
				MTL_ENABLE_DEBUG_INFO = NO;
				MTL_FAST_MATH = YES;
				SDKROOT = iphoneos;
				SWIFT_COMPILATION_MODE = wholemodule;
				SWIFT_OPTIMIZATION_LEVEL = "-O";
				VALIDATE_PRODUCT = YES;
			};
			name = Release;
		};
		A1030D90251B393500DCBAEE /* Debug */ = {
			isa = XCBuildConfiguration;
			buildSettings = {
				ASSETCATALOG_COMPILER_APPICON_NAME = AppIcon;
				CODE_SIGN_STYLE = Automatic;
				INFOPLIST_FILE = UIView_test/Info.plist;
				LD_RUNPATH_SEARCH_PATHS = (
					"$(inherited)",
					"@executable_path/Frameworks",
				);
				PRODUCT_BUNDLE_IDENTIFIER = "com.daeseong.UIView-test";
				PRODUCT_NAME = "$(TARGET_NAME)";
				SWIFT_VERSION = 4.2;
				TARGETED_DEVICE_FAMILY = "1,2";
			};
			name = Debug;
		};
		A1030D91251B393500DCBAEE /* Release */ = {
			isa = XCBuildConfiguration;
			buildSettings = {
				ASSETCATALOG_COMPILER_APPICON_NAME = AppIcon;
				CODE_SIGN_STYLE = Automatic;
				INFOPLIST_FILE = UIView_test/Info.plist;
				LD_RUNPATH_SEARCH_PATHS = (
					"$(inherited)",
					"@executable_path/Frameworks",
				);
				PRODUCT_BUNDLE_IDENTIFIER = "com.daeseong.UIView-test";
				PRODUCT_NAME = "$(TARGET_NAME)";
				SWIFT_VERSION = 4.2;
				TARGETED_DEVICE_FAMILY = "1,2";
			};
			name = Release;
		};
/* End XCBuildConfiguration section */

/* Begin XCConfigurationList section */
		A1030D78251B393400DCBAEE /* Build configuration list for PBXProject "UIView_test" */ = {
			isa = XCConfigurationList;
			buildConfigurations = (
				A1030D8D251B393500DCBAEE /* Debug */,
				A1030D8E251B393500DCBAEE /* Release */,
			);
			defaultConfigurationIsVisible = 0;
			defaultConfigurationName = Release;
		};
		A1030D8F251B393500DCBAEE /* Build configuration list for PBXNativeTarget "UIView_test" */ = {
			isa = XCConfigurationList;
			buildConfigurations = (
				A1030D90251B393500DCBAEE /* Debug */,
				A1030D91251B393500DCBAEE /* Release */,
			);
			defaultConfigurationIsVisible = 0;
			defaultConfigurationName = Release;
		};
/* End XCConfigurationList section */
	};
	rootObject = A1030D75251B393400DCBAEE /* Project object */;
}
