// !$*UTF8*$!
{
	archiveVersion = 1;
	classes = {
	};
	objectVersion = 50;
	objects = {

/* Begin PBXBuildFile section */
		A13182712590779C007F9A72 /* DbHelper.swift in Sources */ = {isa = PBXBuildFile; fileRef = A13182702590779C007F9A72 /* DbHelper.swift */; };
		A13182742590A109007F9A72 /* Lotto.swift in Sources */ = {isa = PBXBuildFile; fileRef = A13182732590A109007F9A72 /* Lotto.swift */; };
		A13A7321259067EA006D6AEF /* AppDelegate.swift in Sources */ = {isa = PBXBuildFile; fileRef = A13A7320259067EA006D6AEF /* AppDelegate.swift */; };
		A13A7323259067EA006D6AEF /* SceneDelegate.swift in Sources */ = {isa = PBXBuildFile; fileRef = A13A7322259067EA006D6AEF /* SceneDelegate.swift */; };
		A13A7325259067EA006D6AEF /* ViewController.swift in Sources */ = {isa = PBXBuildFile; fileRef = A13A7324259067EA006D6AEF /* ViewController.swift */; };
		A13A7328259067EA006D6AEF /* Main.storyboard in Resources */ = {isa = PBXBuildFile; fileRef = A13A7326259067EA006D6AEF /* Main.storyboard */; };
		A13A732A259067EA006D6AEF /* Assets.xcassets in Resources */ = {isa = PBXBuildFile; fileRef = A13A7329259067EA006D6AEF /* Assets.xcassets */; };
		A13A732D259067EA006D6AEF /* LaunchScreen.storyboard in Resources */ = {isa = PBXBuildFile; fileRef = A13A732B259067EA006D6AEF /* LaunchScreen.storyboard */; };
/* End PBXBuildFile section */

/* Begin PBXFileReference section */
		A13182702590779C007F9A72 /* DbHelper.swift */ = {isa = PBXFileReference; lastKnownFileType = sourcecode.swift; path = DbHelper.swift; sourceTree = "<group>"; };
		A13182732590A109007F9A72 /* Lotto.swift */ = {isa = PBXFileReference; lastKnownFileType = sourcecode.swift; path = Lotto.swift; sourceTree = "<group>"; };
		A13A731D259067EA006D6AEF /* SQLite3_test3.app */ = {isa = PBXFileReference; explicitFileType = wrapper.application; includeInIndex = 0; path = SQLite3_test3.app; sourceTree = BUILT_PRODUCTS_DIR; };
		A13A7320259067EA006D6AEF /* AppDelegate.swift */ = {isa = PBXFileReference; lastKnownFileType = sourcecode.swift; path = AppDelegate.swift; sourceTree = "<group>"; };
		A13A7322259067EA006D6AEF /* SceneDelegate.swift */ = {isa = PBXFileReference; lastKnownFileType = sourcecode.swift; path = SceneDelegate.swift; sourceTree = "<group>"; };
		A13A7324259067EA006D6AEF /* ViewController.swift */ = {isa = PBXFileReference; lastKnownFileType = sourcecode.swift; path = ViewController.swift; sourceTree = "<group>"; };
		A13A7327259067EA006D6AEF /* Base */ = {isa = PBXFileReference; lastKnownFileType = file.storyboard; name = Base; path = Base.lproj/Main.storyboard; sourceTree = "<group>"; };
		A13A7329259067EA006D6AEF /* Assets.xcassets */ = {isa = PBXFileReference; lastKnownFileType = folder.assetcatalog; path = Assets.xcassets; sourceTree = "<group>"; };
		A13A732C259067EA006D6AEF /* Base */ = {isa = PBXFileReference; lastKnownFileType = file.storyboard; name = Base; path = Base.lproj/LaunchScreen.storyboard; sourceTree = "<group>"; };
		A13A732E259067EA006D6AEF /* Info.plist */ = {isa = PBXFileReference; lastKnownFileType = text.plist.xml; path = Info.plist; sourceTree = "<group>"; };
/* End PBXFileReference section */

/* Begin PBXFrameworksBuildPhase section */
		A13A731A259067EA006D6AEF /* Frameworks */ = {
			isa = PBXFrameworksBuildPhase;
			buildActionMask = 2147483647;
			files = (
			);
			runOnlyForDeploymentPostprocessing = 0;
		};
/* End PBXFrameworksBuildPhase section */

/* Begin PBXGroup section */
		A13A7314259067EA006D6AEF = {
			isa = PBXGroup;
			children = (
				A13A731F259067EA006D6AEF /* SQLite3_test3 */,
				A13A731E259067EA006D6AEF /* Products */,
			);
			sourceTree = "<group>";
		};
		A13A731E259067EA006D6AEF /* Products */ = {
			isa = PBXGroup;
			children = (
				A13A731D259067EA006D6AEF /* SQLite3_test3.app */,
			);
			name = Products;
			sourceTree = "<group>";
		};
		A13A731F259067EA006D6AEF /* SQLite3_test3 */ = {
			isa = PBXGroup;
			children = (
				A13A7320259067EA006D6AEF /* AppDelegate.swift */,
				A13A7322259067EA006D6AEF /* SceneDelegate.swift */,
				A13A7324259067EA006D6AEF /* ViewController.swift */,
				A13A7326259067EA006D6AEF /* Main.storyboard */,
				A13A7329259067EA006D6AEF /* Assets.xcassets */,
				A13A732B259067EA006D6AEF /* LaunchScreen.storyboard */,
				A13A732E259067EA006D6AEF /* Info.plist */,
				A13182702590779C007F9A72 /* DbHelper.swift */,
				A13182732590A109007F9A72 /* Lotto.swift */,
			);
			path = SQLite3_test3;
			sourceTree = "<group>";
		};
/* End PBXGroup section */

/* Begin PBXNativeTarget section */
		A13A731C259067EA006D6AEF /* SQLite3_test3 */ = {
			isa = PBXNativeTarget;
			buildConfigurationList = A13A7331259067EA006D6AEF /* Build configuration list for PBXNativeTarget "SQLite3_test3" */;
			buildPhases = (
				A13A7319259067EA006D6AEF /* Sources */,
				A13A731A259067EA006D6AEF /* Frameworks */,
				A13A731B259067EA006D6AEF /* Resources */,
			);
			buildRules = (
			);
			dependencies = (
			);
			name = SQLite3_test3;
			productName = SQLite3_test3;
			productReference = A13A731D259067EA006D6AEF /* SQLite3_test3.app */;
			productType = "com.apple.product-type.application";
		};
/* End PBXNativeTarget section */

/* Begin PBXProject section */
		A13A7315259067EA006D6AEF /* Project object */ = {
			isa = PBXProject;
			attributes = {
				LastSwiftUpdateCheck = 1230;
				LastUpgradeCheck = 1230;
				TargetAttributes = {
					A13A731C259067EA006D6AEF = {
						CreatedOnToolsVersion = 12.3;
					};
				};
			};
			buildConfigurationList = A13A7318259067EA006D6AEF /* Build configuration list for PBXProject "SQLite3_test3" */;
			compatibilityVersion = "Xcode 9.3";
			developmentRegion = en;
			hasScannedForEncodings = 0;
			knownRegions = (
				en,
				Base,
			);
			mainGroup = A13A7314259067EA006D6AEF;
			productRefGroup = A13A731E259067EA006D6AEF /* Products */;
			projectDirPath = "";
			projectRoot = "";
			targets = (
				A13A731C259067EA006D6AEF /* SQLite3_test3 */,
			);
		};
/* End PBXProject section */

/* Begin PBXResourcesBuildPhase section */
		A13A731B259067EA006D6AEF /* Resources */ = {
			isa = PBXResourcesBuildPhase;
			buildActionMask = 2147483647;
			files = (
				A13A732D259067EA006D6AEF /* LaunchScreen.storyboard in Resources */,
				A13A732A259067EA006D6AEF /* Assets.xcassets in Resources */,
				A13A7328259067EA006D6AEF /* Main.storyboard in Resources */,
			);
			runOnlyForDeploymentPostprocessing = 0;
		};
/* End PBXResourcesBuildPhase section */

/* Begin PBXSourcesBuildPhase section */
		A13A7319259067EA006D6AEF /* Sources */ = {
			isa = PBXSourcesBuildPhase;
			buildActionMask = 2147483647;
			files = (
				A13A7325259067EA006D6AEF /* ViewController.swift in Sources */,
				A13182742590A109007F9A72 /* Lotto.swift in Sources */,
				A13A7321259067EA006D6AEF /* AppDelegate.swift in Sources */,
				A13A7323259067EA006D6AEF /* SceneDelegate.swift in Sources */,
				A13182712590779C007F9A72 /* DbHelper.swift in Sources */,
			);
			runOnlyForDeploymentPostprocessing = 0;
		};
/* End PBXSourcesBuildPhase section */

/* Begin PBXVariantGroup section */
		A13A7326259067EA006D6AEF /* Main.storyboard */ = {
			isa = PBXVariantGroup;
			children = (
				A13A7327259067EA006D6AEF /* Base */,
			);
			name = Main.storyboard;
			sourceTree = "<group>";
		};
		A13A732B259067EA006D6AEF /* LaunchScreen.storyboard */ = {
			isa = PBXVariantGroup;
			children = (
				A13A732C259067EA006D6AEF /* Base */,
			);
			name = LaunchScreen.storyboard;
			sourceTree = "<group>";
		};
/* End PBXVariantGroup section */

/* Begin XCBuildConfiguration section */
		A13A732F259067EA006D6AEF /* Debug */ = {
			isa = XCBuildConfiguration;
			buildSettings = {
				ALWAYS_SEARCH_USER_PATHS = NO;
				CLANG_ANALYZER_NONNULL = YES;
				CLANG_ANALYZER_NUMBER_OBJECT_CONVERSION = YES_AGGRESSIVE;
				CLANG_CXX_LANGUAGE_STANDARD = "gnu++14";
				CLANG_CXX_LIBRARY = "libc++";
				CLANG_ENABLE_MODULES = YES;
				CLANG_ENABLE_OBJC_ARC = YES;
				CLANG_ENABLE_OBJC_WEAK = YES;
				CLANG_WARN_BLOCK_CAPTURE_AUTORELEASING = YES;
				CLANG_WARN_BOOL_CONVERSION = YES;
				CLANG_WARN_COMMA = YES;
				CLANG_WARN_CONSTANT_CONVERSION = YES;
				CLANG_WARN_DEPRECATED_OBJC_IMPLEMENTATIONS = YES;
				CLANG_WARN_DIRECT_OBJC_ISA_USAGE = YES_ERROR;
				CLANG_WARN_DOCUMENTATION_COMMENTS = YES;
				CLANG_WARN_EMPTY_BODY = YES;
				CLANG_WARN_ENUM_CONVERSION = YES;
				CLANG_WARN_INFINITE_RECURSION = YES;
				CLANG_WARN_INT_CONVERSION = YES;
				CLANG_WARN_NON_LITERAL_NULL_CONVERSION = YES;
				CLANG_WARN_OBJC_IMPLICIT_RETAIN_SELF = YES;
				CLANG_WARN_OBJC_LITERAL_CONVERSION = YES;
				CLANG_WARN_OBJC_ROOT_CLASS = YES_ERROR;
				CLANG_WARN_QUOTED_INCLUDE_IN_FRAMEWORK_HEADER = YES;
				CLANG_WARN_RANGE_LOOP_ANALYSIS = YES;
				CLANG_WARN_STRICT_PROTOTYPES = YES;
				CLANG_WARN_SUSPICIOUS_MOVE = YES;
				CLANG_WARN_UNGUARDED_AVAILABILITY = YES_AGGRESSIVE;
				CLANG_WARN_UNREACHABLE_CODE = YES;
				CLANG_WARN__DUPLICATE_METHOD_MATCH = YES;
				COPY_PHASE_STRIP = NO;
				DEBUG_INFORMATION_FORMAT = dwarf;
				ENABLE_STRICT_OBJC_MSGSEND = YES;
				ENABLE_TESTABILITY = YES;
				GCC_C_LANGUAGE_STANDARD = gnu11;
				GCC_DYNAMIC_NO_PIC = NO;
				GCC_NO_COMMON_BLOCKS = YES;
				GCC_OPTIMIZATION_LEVEL = 0;
				GCC_PREPROCESSOR_DEFINITIONS = (
					"DEBUG=1",
					"$(inherited)",
				);
				GCC_WARN_64_TO_32_BIT_CONVERSION = YES;
				GCC_WARN_ABOUT_RETURN_TYPE = YES_ERROR;
				GCC_WARN_UNDECLARED_SELECTOR = YES;
				GCC_WARN_UNINITIALIZED_AUTOS = YES_AGGRESSIVE;
				GCC_WARN_UNUSED_FUNCTION = YES;
				GCC_WARN_UNUSED_VARIABLE = YES;
				IPHONEOS_DEPLOYMENT_TARGET = 14.3;
				MTL_ENABLE_DEBUG_INFO = INCLUDE_SOURCE;
				MTL_FAST_MATH = YES;
				ONLY_ACTIVE_ARCH = YES;
				SDKROOT = iphoneos;
				SWIFT_ACTIVE_COMPILATION_CONDITIONS = DEBUG;
				SWIFT_OPTIMIZATION_LEVEL = "-Onone";
			};
			name = Debug;
		};
		A13A7330259067EA006D6AEF /* Release */ = {
			isa = XCBuildConfiguration;
			buildSettings = {
				ALWAYS_SEARCH_USER_PATHS = NO;
				CLANG_ANALYZER_NONNULL = YES;
				CLANG_ANALYZER_NUMBER_OBJECT_CONVERSION = YES_AGGRESSIVE;
				CLANG_CXX_LANGUAGE_STANDARD = "gnu++14";
				CLANG_CXX_LIBRARY = "libc++";
				CLANG_ENABLE_MODULES = YES;
				CLANG_ENABLE_OBJC_ARC = YES;
				CLANG_ENABLE_OBJC_WEAK = YES;
				CLANG_WARN_BLOCK_CAPTURE_AUTORELEASING = YES;
				CLANG_WARN_BOOL_CONVERSION = YES;
				CLANG_WARN_COMMA = YES;
				CLANG_WARN_CONSTANT_CONVERSION = YES;
				CLANG_WARN_DEPRECATED_OBJC_IMPLEMENTATIONS = YES;
				CLANG_WARN_DIRECT_OBJC_ISA_USAGE = YES_ERROR;
				CLANG_WARN_DOCUMENTATION_COMMENTS = YES;
				CLANG_WARN_EMPTY_BODY = YES;
				CLANG_WARN_ENUM_CONVERSION = YES;
				CLANG_WARN_INFINITE_RECURSION = YES;
				CLANG_WARN_INT_CONVERSION = YES;
				CLANG_WARN_NON_LITERAL_NULL_CONVERSION = YES;
				CLANG_WARN_OBJC_IMPLICIT_RETAIN_SELF = YES;
				CLANG_WARN_OBJC_LITERAL_CONVERSION = YES;
				CLANG_WARN_OBJC_ROOT_CLASS = YES_ERROR;
				CLANG_WARN_QUOTED_INCLUDE_IN_FRAMEWORK_HEADER = YES;
				CLANG_WARN_RANGE_LOOP_ANALYSIS = YES;
				CLANG_WARN_STRICT_PROTOTYPES = YES;
				CLANG_WARN_SUSPICIOUS_MOVE = YES;
				CLANG_WARN_UNGUARDED_AVAILABILITY = YES_AGGRESSIVE;
				CLANG_WARN_UNREACHABLE_CODE = YES;
				CLANG_WARN__DUPLICATE_METHOD_MATCH = YES;
				COPY_PHASE_STRIP = NO;
				DEBUG_INFORMATION_FORMAT = "dwarf-with-dsym";
				ENABLE_NS_ASSERTIONS = NO;
				ENABLE_STRICT_OBJC_MSGSEND = YES;
				GCC_C_LANGUAGE_STANDARD = gnu11;
				GCC_NO_COMMON_BLOCKS = YES;
				GCC_WARN_64_TO_32_BIT_CONVERSION = YES;
				GCC_WARN_ABOUT_RETURN_TYPE = YES_ERROR;
				GCC_WARN_UNDECLARED_SELECTOR = YES;
				GCC_WARN_UNINITIALIZED_AUTOS = YES_AGGRESSIVE;
				GCC_WARN_UNUSED_FUNCTION = YES;
				GCC_WARN_UNUSED_VARIABLE = YES;
				IPHONEOS_DEPLOYMENT_TARGET = 14.3;
				MTL_ENABLE_DEBUG_INFO = NO;
				MTL_FAST_MATH = YES;
				SDKROOT = iphoneos;
				SWIFT_COMPILATION_MODE = wholemodule;
				SWIFT_OPTIMIZATION_LEVEL = "-O";
				VALIDATE_PRODUCT = YES;
			};
			name = Release;
		};
		A13A7332259067EA006D6AEF /* Debug */ = {
			isa = XCBuildConfiguration;
			buildSettings = {
				ASSETCATALOG_COMPILER_APPICON_NAME = AppIcon;
				ASSETCATALOG_COMPILER_GLOBAL_ACCENT_COLOR_NAME = AccentColor;
				CODE_SIGN_STYLE = Automatic;
				DEVELOPMENT_TEAM = "";
				INFOPLIST_FILE = SQLite3_test3/Info.plist;
				IPHONEOS_DEPLOYMENT_TARGET = 11.0;
				LD_RUNPATH_SEARCH_PATHS = (
					"$(inherited)",
					"@executable_path/Frameworks",
				);
				PRODUCT_BUNDLE_IDENTIFIER = "com.daeseong.SQLite3-test3";
				PRODUCT_NAME = "$(TARGET_NAME)";
				SWIFT_VERSION = 5.0;
				TARGETED_DEVICE_FAMILY = 1;
			};
			name = Debug;
		};
		A13A7333259067EA006D6AEF /* Release */ = {
			isa = XCBuildConfiguration;
			buildSettings = {
				ASSETCATALOG_COMPILER_APPICON_NAME = AppIcon;
				ASSETCATALOG_COMPILER_GLOBAL_ACCENT_COLOR_NAME = AccentColor;
				CODE_SIGN_STYLE = Automatic;
				DEVELOPMENT_TEAM = "";
				INFOPLIST_FILE = SQLite3_test3/Info.plist;
				IPHONEOS_DEPLOYMENT_TARGET = 11.0;
				LD_RUNPATH_SEARCH_PATHS = (
					"$(inherited)",
					"@executable_path/Frameworks",
				);
				PRODUCT_BUNDLE_IDENTIFIER = "com.daeseong.SQLite3-test3";
				PRODUCT_NAME = "$(TARGET_NAME)";
				SWIFT_VERSION = 5.0;
				TARGETED_DEVICE_FAMILY = 1;
			};
			name = Release;
		};
/* End XCBuildConfiguration section */

/* Begin XCConfigurationList section */
		A13A7318259067EA006D6AEF /* Build configuration list for PBXProject "SQLite3_test3" */ = {
			isa = XCConfigurationList;
			buildConfigurations = (
				A13A732F259067EA006D6AEF /* Debug */,
				A13A7330259067EA006D6AEF /* Release */,
			);
			defaultConfigurationIsVisible = 0;
			defaultConfigurationName = Release;
		};
		A13A7331259067EA006D6AEF /* Build configuration list for PBXNativeTarget "SQLite3_test3" */ = {
			isa = XCConfigurationList;
			buildConfigurations = (
				A13A7332259067EA006D6AEF /* Debug */,
				A13A7333259067EA006D6AEF /* Release */,
			);
			defaultConfigurationIsVisible = 0;
			defaultConfigurationName = Release;
		};
/* End XCConfigurationList section */
	};
	rootObject = A13A7315259067EA006D6AEF /* Project object */;
}
