// !$*UTF8*$!
{
	archiveVersion = 1;
	classes = {
	};
	objectVersion = 50;
	objects = {

/* Begin PBXBuildFile section */
		A17F54D224EF48240014DE84 /* AppDelegate.swift in Sources */ = {isa = PBXBuildFile; fileRef = A17F54D124EF48240014DE84 /* AppDelegate.swift */; };
		A17F54D424EF48240014DE84 /* ViewController.swift in Sources */ = {isa = PBXBuildFile; fileRef = A17F54D324EF48240014DE84 /* ViewController.swift */; };
		A17F54D724EF48240014DE84 /* Main.storyboard in Resources */ = {isa = PBXBuildFile; fileRef = A17F54D524EF48240014DE84 /* Main.storyboard */; };
		A17F54D924EF48250014DE84 /* Assets.xcassets in Resources */ = {isa = PBXBuildFile; fileRef = A17F54D824EF48250014DE84 /* Assets.xcassets */; };
		A17F54DC24EF48250014DE84 /* LaunchScreen.storyboard in Resources */ = {isa = PBXBuildFile; fileRef = A17F54DA24EF48250014DE84 /* LaunchScreen.storyboard */; };
		A17F54E424EF4A580014DE84 /* item1.swift in Sources */ = {isa = PBXBuildFile; fileRef = A17F54E324EF4A580014DE84 /* item1.swift */; };
		A17F54E624EF4A640014DE84 /* item2.swift in Sources */ = {isa = PBXBuildFile; fileRef = A17F54E524EF4A640014DE84 /* item2.swift */; };
		A17F54E824EF4A6F0014DE84 /* item3.swift in Sources */ = {isa = PBXBuildFile; fileRef = A17F54E724EF4A6F0014DE84 /* item3.swift */; };
/* End PBXBuildFile section */

/* Begin PBXFileReference section */
		A17F54CE24EF48240014DE84 /* Timer_test.app */ = {isa = PBXFileReference; explicitFileType = wrapper.application; includeInIndex = 0; path = Timer_test.app; sourceTree = BUILT_PRODUCTS_DIR; };
		A17F54D124EF48240014DE84 /* AppDelegate.swift */ = {isa = PBXFileReference; lastKnownFileType = sourcecode.swift; path = AppDelegate.swift; sourceTree = "<group>"; };
		A17F54D324EF48240014DE84 /* ViewController.swift */ = {isa = PBXFileReference; lastKnownFileType = sourcecode.swift; path = ViewController.swift; sourceTree = "<group>"; };
		A17F54D624EF48240014DE84 /* Base */ = {isa = PBXFileReference; lastKnownFileType = file.storyboard; name = Base; path = Base.lproj/Main.storyboard; sourceTree = "<group>"; };
		A17F54D824EF48250014DE84 /* Assets.xcassets */ = {isa = PBXFileReference; lastKnownFileType = folder.assetcatalog; path = Assets.xcassets; sourceTree = "<group>"; };
		A17F54DB24EF48250014DE84 /* Base */ = {isa = PBXFileReference; lastKnownFileType = file.storyboard; name = Base; path = Base.lproj/LaunchScreen.storyboard; sourceTree = "<group>"; };
		A17F54DD24EF48250014DE84 /* Info.plist */ = {isa = PBXFileReference; lastKnownFileType = text.plist.xml; path = Info.plist; sourceTree = "<group>"; };
		A17F54E324EF4A580014DE84 /* item1.swift */ = {isa = PBXFileReference; lastKnownFileType = sourcecode.swift; path = item1.swift; sourceTree = "<group>"; };
		A17F54E524EF4A640014DE84 /* item2.swift */ = {isa = PBXFileReference; lastKnownFileType = sourcecode.swift; path = item2.swift; sourceTree = "<group>"; };
		A17F54E724EF4A6F0014DE84 /* item3.swift */ = {isa = PBXFileReference; lastKnownFileType = sourcecode.swift; path = item3.swift; sourceTree = "<group>"; };
/* End PBXFileReference section */

/* Begin PBXFrameworksBuildPhase section */
		A17F54CB24EF48240014DE84 /* Frameworks */ = {
			isa = PBXFrameworksBuildPhase;
			buildActionMask = 2147483647;
			files = (
			);
			runOnlyForDeploymentPostprocessing = 0;
		};
/* End PBXFrameworksBuildPhase section */

/* Begin PBXGroup section */
		A17F54C524EF48240014DE84 = {
			isa = PBXGroup;
			children = (
				A17F54D024EF48240014DE84 /* Timer_test */,
				A17F54CF24EF48240014DE84 /* Products */,
			);
			sourceTree = "<group>";
		};
		A17F54CF24EF48240014DE84 /* Products */ = {
			isa = PBXGroup;
			children = (
				A17F54CE24EF48240014DE84 /* Timer_test.app */,
			);
			name = Products;
			sourceTree = "<group>";
		};
		A17F54D024EF48240014DE84 /* Timer_test */ = {
			isa = PBXGroup;
			children = (
				A17F54D124EF48240014DE84 /* AppDelegate.swift */,
				A17F54D324EF48240014DE84 /* ViewController.swift */,
				A17F54D524EF48240014DE84 /* Main.storyboard */,
				A17F54D824EF48250014DE84 /* Assets.xcassets */,
				A17F54DA24EF48250014DE84 /* LaunchScreen.storyboard */,
				A17F54DD24EF48250014DE84 /* Info.plist */,
				A17F54E324EF4A580014DE84 /* item1.swift */,
				A17F54E524EF4A640014DE84 /* item2.swift */,
				A17F54E724EF4A6F0014DE84 /* item3.swift */,
			);
			path = Timer_test;
			sourceTree = "<group>";
		};
/* End PBXGroup section */

/* Begin PBXNativeTarget section */
		A17F54CD24EF48240014DE84 /* Timer_test */ = {
			isa = PBXNativeTarget;
			buildConfigurationList = A17F54E024EF48250014DE84 /* Build configuration list for PBXNativeTarget "Timer_test" */;
			buildPhases = (
				A17F54CA24EF48240014DE84 /* Sources */,
				A17F54CB24EF48240014DE84 /* Frameworks */,
				A17F54CC24EF48240014DE84 /* Resources */,
			);
			buildRules = (
			);
			dependencies = (
			);
			name = Timer_test;
			productName = Timer_test;
			productReference = A17F54CE24EF48240014DE84 /* Timer_test.app */;
			productType = "com.apple.product-type.application";
		};
/* End PBXNativeTarget section */

/* Begin PBXProject section */
		A17F54C624EF48240014DE84 /* Project object */ = {
			isa = PBXProject;
			attributes = {
				LastSwiftUpdateCheck = 1000;
				LastUpgradeCheck = 1000;
				ORGANIZATIONNAME = daeseong;
				TargetAttributes = {
					A17F54CD24EF48240014DE84 = {
						CreatedOnToolsVersion = 10.0;
					};
				};
			};
			buildConfigurationList = A17F54C924EF48240014DE84 /* Build configuration list for PBXProject "Timer_test" */;
			compatibilityVersion = "Xcode 9.3";
			developmentRegion = en;
			hasScannedForEncodings = 0;
			knownRegions = (
				en,
				Base,
			);
			mainGroup = A17F54C524EF48240014DE84;
			productRefGroup = A17F54CF24EF48240014DE84 /* Products */;
			projectDirPath = "";
			projectRoot = "";
			targets = (
				A17F54CD24EF48240014DE84 /* Timer_test */,
			);
		};
/* End PBXProject section */

/* Begin PBXResourcesBuildPhase section */
		A17F54CC24EF48240014DE84 /* Resources */ = {
			isa = PBXResourcesBuildPhase;
			buildActionMask = 2147483647;
			files = (
				A17F54DC24EF48250014DE84 /* LaunchScreen.storyboard in Resources */,
				A17F54D924EF48250014DE84 /* Assets.xcassets in Resources */,
				A17F54D724EF48240014DE84 /* Main.storyboard in Resources */,
			);
			runOnlyForDeploymentPostprocessing = 0;
		};
/* End PBXResourcesBuildPhase section */

/* Begin PBXSourcesBuildPhase section */
		A17F54CA24EF48240014DE84 /* Sources */ = {
			isa = PBXSourcesBuildPhase;
			buildActionMask = 2147483647;
			files = (
				A17F54D424EF48240014DE84 /* ViewController.swift in Sources */,
				A17F54E424EF4A580014DE84 /* item1.swift in Sources */,
				A17F54D224EF48240014DE84 /* AppDelegate.swift in Sources */,
				A17F54E624EF4A640014DE84 /* item2.swift in Sources */,
				A17F54E824EF4A6F0014DE84 /* item3.swift in Sources */,
			);
			runOnlyForDeploymentPostprocessing = 0;
		};
/* End PBXSourcesBuildPhase section */

/* Begin PBXVariantGroup section */
		A17F54D524EF48240014DE84 /* Main.storyboard */ = {
			isa = PBXVariantGroup;
			children = (
				A17F54D624EF48240014DE84 /* Base */,
			);
			name = Main.storyboard;
			sourceTree = "<group>";
		};
		A17F54DA24EF48250014DE84 /* LaunchScreen.storyboard */ = {
			isa = PBXVariantGroup;
			children = (
				A17F54DB24EF48250014DE84 /* Base */,
			);
			name = LaunchScreen.storyboard;
			sourceTree = "<group>";
		};
/* End PBXVariantGroup section */

/* Begin XCBuildConfiguration section */
		A17F54DE24EF48250014DE84 /* Debug */ = {
			isa = XCBuildConfiguration;
			buildSettings = {
				ALWAYS_SEARCH_USER_PATHS = NO;
				CLANG_ANALYZER_NONNULL = YES;
				CLANG_ANALYZER_NUMBER_OBJECT_CONVERSION = YES_AGGRESSIVE;
				CLANG_CXX_LANGUAGE_STANDARD = "gnu++14";
				CLANG_CXX_LIBRARY = "libc++";
				CLANG_ENABLE_MODULES = YES;
				CLANG_ENABLE_OBJC_ARC = YES;
				CLANG_ENABLE_OBJC_WEAK = YES;
				CLANG_WARN_BLOCK_CAPTURE_AUTORELEASING = YES;
				CLANG_WARN_BOOL_CONVERSION = YES;
				CLANG_WARN_COMMA = YES;
				CLANG_WARN_CONSTANT_CONVERSION = YES;
				CLANG_WARN_DEPRECATED_OBJC_IMPLEMENTATIONS = YES;
				CLANG_WARN_DIRECT_OBJC_ISA_USAGE = YES_ERROR;
				CLANG_WARN_DOCUMENTATION_COMMENTS = YES;
				CLANG_WARN_EMPTY_BODY = YES;
				CLANG_WARN_ENUM_CONVERSION = YES;
				CLANG_WARN_INFINITE_RECURSION = YES;
				CLANG_WARN_INT_CONVERSION = YES;
				CLANG_WARN_NON_LITERAL_NULL_CONVERSION = YES;
				CLANG_WARN_OBJC_IMPLICIT_RETAIN_SELF = YES;
				CLANG_WARN_OBJC_LITERAL_CONVERSION = YES;
				CLANG_WARN_OBJC_ROOT_CLASS = YES_ERROR;
				CLANG_WARN_RANGE_LOOP_ANALYSIS = YES;
				CLANG_WARN_STRICT_PROTOTYPES = YES;
				CLANG_WARN_SUSPICIOUS_MOVE = YES;
				CLANG_WARN_UNGUARDED_AVAILABILITY = YES_AGGRESSIVE;
				CLANG_WARN_UNREACHABLE_CODE = YES;
				CLANG_WARN__DUPLICATE_METHOD_MATCH = YES;
				CODE_SIGN_IDENTITY = "iPhone Developer";
				COPY_PHASE_STRIP = NO;
				DEBUG_INFORMATION_FORMAT = dwarf;
				ENABLE_STRICT_OBJC_MSGSEND = YES;
				ENABLE_TESTABILITY = YES;
				GCC_C_LANGUAGE_STANDARD = gnu11;
				GCC_DYNAMIC_NO_PIC = NO;
				GCC_NO_COMMON_BLOCKS = YES;
				GCC_OPTIMIZATION_LEVEL = 0;
				GCC_PREPROCESSOR_DEFINITIONS = (
					"DEBUG=1",
					"$(inherited)",
				);
				GCC_WARN_64_TO_32_BIT_CONVERSION = YES;
				GCC_WARN_ABOUT_RETURN_TYPE = YES_ERROR;
				GCC_WARN_UNDECLARED_SELECTOR = YES;
				GCC_WARN_UNINITIALIZED_AUTOS = YES_AGGRESSIVE;
				GCC_WARN_UNUSED_FUNCTION = YES;
				GCC_WARN_UNUSED_VARIABLE = YES;
				IPHONEOS_DEPLOYMENT_TARGET = 12.0;
				MTL_ENABLE_DEBUG_INFO = INCLUDE_SOURCE;
				MTL_FAST_MATH = YES;
				ONLY_ACTIVE_ARCH = YES;
				SDKROOT = iphoneos;
				SWIFT_ACTIVE_COMPILATION_CONDITIONS = DEBUG;
				SWIFT_OPTIMIZATION_LEVEL = "-Onone";
			};
			name = Debug;
		};
		A17F54DF24EF48250014DE84 /* Release */ = {
			isa = XCBuildConfiguration;
			buildSettings = {
				ALWAYS_SEARCH_USER_PATHS = NO;
				CLANG_ANALYZER_NONNULL = YES;
				CLANG_ANALYZER_NUMBER_OBJECT_CONVERSION = YES_AGGRESSIVE;
				CLANG_CXX_LANGUAGE_STANDARD = "gnu++14";
				CLANG_CXX_LIBRARY = "libc++";
				CLANG_ENABLE_MODULES = YES;
				CLANG_ENABLE_OBJC_ARC = YES;
				CLANG_ENABLE_OBJC_WEAK = YES;
				CLANG_WARN_BLOCK_CAPTURE_AUTORELEASING = YES;
				CLANG_WARN_BOOL_CONVERSION = YES;
				CLANG_WARN_COMMA = YES;
				CLANG_WARN_CONSTANT_CONVERSION = YES;
				CLANG_WARN_DEPRECATED_OBJC_IMPLEMENTATIONS = YES;
				CLANG_WARN_DIRECT_OBJC_ISA_USAGE = YES_ERROR;
				CLANG_WARN_DOCUMENTATION_COMMENTS = YES;
				CLANG_WARN_EMPTY_BODY = YES;
				CLANG_WARN_ENUM_CONVERSION = YES;
				CLANG_WARN_INFINITE_RECURSION = YES;
				CLANG_WARN_INT_CONVERSION = YES;
				CLANG_WARN_NON_LITERAL_NULL_CONVERSION = YES;
				CLANG_WARN_OBJC_IMPLICIT_RETAIN_SELF = YES;
				CLANG_WARN_OBJC_LITERAL_CONVERSION = YES;
				CLANG_WARN_OBJC_ROOT_CLASS = YES_ERROR;
				CLANG_WARN_RANGE_LOOP_ANALYSIS = YES;
				CLANG_WARN_STRICT_PROTOTYPES = YES;
				CLANG_WARN_SUSPICIOUS_MOVE = YES;
				CLANG_WARN_UNGUARDED_AVAILABILITY = YES_AGGRESSIVE;
				CLANG_WARN_UNREACHABLE_CODE = YES;
				CLANG_WARN__DUPLICATE_METHOD_MATCH = YES;
				CODE_SIGN_IDENTITY = "iPhone Developer";
				COPY_PHASE_STRIP = NO;
				DEBUG_INFORMATION_FORMAT = "dwarf-with-dsym";
				ENABLE_NS_ASSERTIONS = NO;
				ENABLE_STRICT_OBJC_MSGSEND = YES;
				GCC_C_LANGUAGE_STANDARD = gnu11;
				GCC_NO_COMMON_BLOCKS = YES;
				GCC_WARN_64_TO_32_BIT_CONVERSION = YES;
				GCC_WARN_ABOUT_RETURN_TYPE = YES_ERROR;
				GCC_WARN_UNDECLARED_SELECTOR = YES;
				GCC_WARN_UNINITIALIZED_AUTOS = YES_AGGRESSIVE;
				GCC_WARN_UNUSED_FUNCTION = YES;
				GCC_WARN_UNUSED_VARIABLE = YES;
				IPHONEOS_DEPLOYMENT_TARGET = 12.0;
				MTL_ENABLE_DEBUG_INFO = NO;
				MTL_FAST_MATH = YES;
				SDKROOT = iphoneos;
				SWIFT_COMPILATION_MODE = wholemodule;
				SWIFT_OPTIMIZATION_LEVEL = "-O";
				VALIDATE_PRODUCT = YES;
			};
			name = Release;
		};
		A17F54E124EF48250014DE84 /* Debug */ = {
			isa = XCBuildConfiguration;
			buildSettings = {
				ASSETCATALOG_COMPILER_APPICON_NAME = AppIcon;
				CODE_SIGN_STYLE = Automatic;
				INFOPLIST_FILE = Timer_test/Info.plist;
				LD_RUNPATH_SEARCH_PATHS = (
					"$(inherited)",
					"@executable_path/Frameworks",
				);
				PRODUCT_BUNDLE_IDENTIFIER = "com.daeseong.Timer-test";
				PRODUCT_NAME = "$(TARGET_NAME)";
				SWIFT_VERSION = 4.2;
				TARGETED_DEVICE_FAMILY = "1,2";
			};
			name = Debug;
		};
		A17F54E224EF48250014DE84 /* Release */ = {
			isa = XCBuildConfiguration;
			buildSettings = {
				ASSETCATALOG_COMPILER_APPICON_NAME = AppIcon;
				CODE_SIGN_STYLE = Automatic;
				INFOPLIST_FILE = Timer_test/Info.plist;
				LD_RUNPATH_SEARCH_PATHS = (
					"$(inherited)",
					"@executable_path/Frameworks",
				);
				PRODUCT_BUNDLE_IDENTIFIER = "com.daeseong.Timer-test";
				PRODUCT_NAME = "$(TARGET_NAME)";
				SWIFT_VERSION = 4.2;
				TARGETED_DEVICE_FAMILY = "1,2";
			};
			name = Release;
		};
/* End XCBuildConfiguration section */

/* Begin XCConfigurationList section */
		A17F54C924EF48240014DE84 /* Build configuration list for PBXProject "Timer_test" */ = {
			isa = XCConfigurationList;
			buildConfigurations = (
				A17F54DE24EF48250014DE84 /* Debug */,
				A17F54DF24EF48250014DE84 /* Release */,
			);
			defaultConfigurationIsVisible = 0;
			defaultConfigurationName = Release;
		};
		A17F54E024EF48250014DE84 /* Build configuration list for PBXNativeTarget "Timer_test" */ = {
			isa = XCConfigurationList;
			buildConfigurations = (
				A17F54E124EF48250014DE84 /* Debug */,
				A17F54E224EF48250014DE84 /* Release */,
			);
			defaultConfigurationIsVisible = 0;
			defaultConfigurationName = Release;
		};
/* End XCConfigurationList section */
	};
	rootObject = A17F54C624EF48240014DE84 /* Project object */;
}
