// !$*UTF8*$!
{
	archiveVersion = 1;
	classes = {
	};
	objectVersion = 50;
	objects = {

/* Begin PBXBuildFile section */
		A1FFF769251EE8F200446735 /* AppDelegate.swift in Sources */ = {isa = PBXBuildFile; fileRef = A1FFF768251EE8F200446735 /* AppDelegate.swift */; };
		A1FFF76B251EE8F200446735 /* ViewController.swift in Sources */ = {isa = PBXBuildFile; fileRef = A1FFF76A251EE8F200446735 /* ViewController.swift */; };
		A1FFF76E251EE8F200446735 /* Main.storyboard in Resources */ = {isa = PBXBuildFile; fileRef = A1FFF76C251EE8F200446735 /* Main.storyboard */; };
		A1FFF770251EE8F300446735 /* Assets.xcassets in Resources */ = {isa = PBXBuildFile; fileRef = A1FFF76F251EE8F300446735 /* Assets.xcassets */; };
		A1FFF773251EE8F300446735 /* LaunchScreen.storyboard in Resources */ = {isa = PBXBuildFile; fileRef = A1FFF771251EE8F300446735 /* LaunchScreen.storyboard */; };
		A1FFF77B251EEC1300446735 /* itemUITableViewController.swift in Sources */ = {isa = PBXBuildFile; fileRef = A1FFF77A251EEC1300446735 /* itemUITableViewController.swift */; };
		A1FFF77D251EEF3C00446735 /* itemModal.swift in Sources */ = {isa = PBXBuildFile; fileRef = A1FFF77C251EEF3C00446735 /* itemModal.swift */; };
/* End PBXBuildFile section */

/* Begin PBXFileReference section */
		A1FFF765251EE8F200446735 /* UITableViewController_test.app */ = {isa = PBXFileReference; explicitFileType = wrapper.application; includeInIndex = 0; path = UITableViewController_test.app; sourceTree = BUILT_PRODUCTS_DIR; };
		A1FFF768251EE8F200446735 /* AppDelegate.swift */ = {isa = PBXFileReference; lastKnownFileType = sourcecode.swift; path = AppDelegate.swift; sourceTree = "<group>"; };
		A1FFF76A251EE8F200446735 /* ViewController.swift */ = {isa = PBXFileReference; lastKnownFileType = sourcecode.swift; path = ViewController.swift; sourceTree = "<group>"; };
		A1FFF76D251EE8F200446735 /* Base */ = {isa = PBXFileReference; lastKnownFileType = file.storyboard; name = Base; path = Base.lproj/Main.storyboard; sourceTree = "<group>"; };
		A1FFF76F251EE8F300446735 /* Assets.xcassets */ = {isa = PBXFileReference; lastKnownFileType = folder.assetcatalog; path = Assets.xcassets; sourceTree = "<group>"; };
		A1FFF772251EE8F300446735 /* Base */ = {isa = PBXFileReference; lastKnownFileType = file.storyboard; name = Base; path = Base.lproj/LaunchScreen.storyboard; sourceTree = "<group>"; };
		A1FFF774251EE8F300446735 /* Info.plist */ = {isa = PBXFileReference; lastKnownFileType = text.plist.xml; path = Info.plist; sourceTree = "<group>"; };
		A1FFF77A251EEC1300446735 /* itemUITableViewController.swift */ = {isa = PBXFileReference; lastKnownFileType = sourcecode.swift; path = itemUITableViewController.swift; sourceTree = "<group>"; };
		A1FFF77C251EEF3C00446735 /* itemModal.swift */ = {isa = PBXFileReference; lastKnownFileType = sourcecode.swift; path = itemModal.swift; sourceTree = "<group>"; };
/* End PBXFileReference section */

/* Begin PBXFrameworksBuildPhase section */
		A1FFF762251EE8F200446735 /* Frameworks */ = {
			isa = PBXFrameworksBuildPhase;
			buildActionMask = 2147483647;
			files = (
			);
			runOnlyForDeploymentPostprocessing = 0;
		};
/* End PBXFrameworksBuildPhase section */

/* Begin PBXGroup section */
		A1FFF75C251EE8F200446735 = {
			isa = PBXGroup;
			children = (
				A1FFF767251EE8F200446735 /* UITableViewController_test */,
				A1FFF766251EE8F200446735 /* Products */,
			);
			sourceTree = "<group>";
		};
		A1FFF766251EE8F200446735 /* Products */ = {
			isa = PBXGroup;
			children = (
				A1FFF765251EE8F200446735 /* UITableViewController_test.app */,
			);
			name = Products;
			sourceTree = "<group>";
		};
		A1FFF767251EE8F200446735 /* UITableViewController_test */ = {
			isa = PBXGroup;
			children = (
				A1FFF768251EE8F200446735 /* AppDelegate.swift */,
				A1FFF76A251EE8F200446735 /* ViewController.swift */,
				A1FFF76C251EE8F200446735 /* Main.storyboard */,
				A1FFF76F251EE8F300446735 /* Assets.xcassets */,
				A1FFF771251EE8F300446735 /* LaunchScreen.storyboard */,
				A1FFF774251EE8F300446735 /* Info.plist */,
				A1FFF77A251EEC1300446735 /* itemUITableViewController.swift */,
				A1FFF77C251EEF3C00446735 /* itemModal.swift */,
			);
			path = UITableViewController_test;
			sourceTree = "<group>";
		};
/* End PBXGroup section */

/* Begin PBXNativeTarget section */
		A1FFF764251EE8F200446735 /* UITableViewController_test */ = {
			isa = PBXNativeTarget;
			buildConfigurationList = A1FFF777251EE8F300446735 /* Build configuration list for PBXNativeTarget "UITableViewController_test" */;
			buildPhases = (
				A1FFF761251EE8F200446735 /* Sources */,
				A1FFF762251EE8F200446735 /* Frameworks */,
				A1FFF763251EE8F200446735 /* Resources */,
			);
			buildRules = (
			);
			dependencies = (
			);
			name = UITableViewController_test;
			productName = UITableViewController_test;
			productReference = A1FFF765251EE8F200446735 /* UITableViewController_test.app */;
			productType = "com.apple.product-type.application";
		};
/* End PBXNativeTarget section */

/* Begin PBXProject section */
		A1FFF75D251EE8F200446735 /* Project object */ = {
			isa = PBXProject;
			attributes = {
				LastSwiftUpdateCheck = 1000;
				LastUpgradeCheck = 1000;
				ORGANIZATIONNAME = daeseong;
				TargetAttributes = {
					A1FFF764251EE8F200446735 = {
						CreatedOnToolsVersion = 10.0;
					};
				};
			};
			buildConfigurationList = A1FFF760251EE8F200446735 /* Build configuration list for PBXProject "UITableViewController_test" */;
			compatibilityVersion = "Xcode 9.3";
			developmentRegion = en;
			hasScannedForEncodings = 0;
			knownRegions = (
				en,
				Base,
			);
			mainGroup = A1FFF75C251EE8F200446735;
			productRefGroup = A1FFF766251EE8F200446735 /* Products */;
			projectDirPath = "";
			projectRoot = "";
			targets = (
				A1FFF764251EE8F200446735 /* UITableViewController_test */,
			);
		};
/* End PBXProject section */

/* Begin PBXResourcesBuildPhase section */
		A1FFF763251EE8F200446735 /* Resources */ = {
			isa = PBXResourcesBuildPhase;
			buildActionMask = 2147483647;
			files = (
				A1FFF773251EE8F300446735 /* LaunchScreen.storyboard in Resources */,
				A1FFF770251EE8F300446735 /* Assets.xcassets in Resources */,
				A1FFF76E251EE8F200446735 /* Main.storyboard in Resources */,
			);
			runOnlyForDeploymentPostprocessing = 0;
		};
/* End PBXResourcesBuildPhase section */

/* Begin PBXSourcesBuildPhase section */
		A1FFF761251EE8F200446735 /* Sources */ = {
			isa = PBXSourcesBuildPhase;
			buildActionMask = 2147483647;
			files = (
				A1FFF76B251EE8F200446735 /* ViewController.swift in Sources */,
				A1FFF769251EE8F200446735 /* AppDelegate.swift in Sources */,
				A1FFF77D251EEF3C00446735 /* itemModal.swift in Sources */,
				A1FFF77B251EEC1300446735 /* itemUITableViewController.swift in Sources */,
			);
			runOnlyForDeploymentPostprocessing = 0;
		};
/* End PBXSourcesBuildPhase section */

/* Begin PBXVariantGroup section */
		A1FFF76C251EE8F200446735 /* Main.storyboard */ = {
			isa = PBXVariantGroup;
			children = (
				A1FFF76D251EE8F200446735 /* Base */,
			);
			name = Main.storyboard;
			sourceTree = "<group>";
		};
		A1FFF771251EE8F300446735 /* LaunchScreen.storyboard */ = {
			isa = PBXVariantGroup;
			children = (
				A1FFF772251EE8F300446735 /* Base */,
			);
			name = LaunchScreen.storyboard;
			sourceTree = "<group>";
		};
/* End PBXVariantGroup section */

/* Begin XCBuildConfiguration section */
		A1FFF775251EE8F300446735 /* Debug */ = {
			isa = XCBuildConfiguration;
			buildSettings = {
				ALWAYS_SEARCH_USER_PATHS = NO;
				CLANG_ANALYZER_NONNULL = YES;
				CLANG_ANALYZER_NUMBER_OBJECT_CONVERSION = YES_AGGRESSIVE;
				CLANG_CXX_LANGUAGE_STANDARD = "gnu++14";
				CLANG_CXX_LIBRARY = "libc++";
				CLANG_ENABLE_MODULES = YES;
				CLANG_ENABLE_OBJC_ARC = YES;
				CLANG_ENABLE_OBJC_WEAK = YES;
				CLANG_WARN_BLOCK_CAPTURE_AUTORELEASING = YES;
				CLANG_WARN_BOOL_CONVERSION = YES;
				CLANG_WARN_COMMA = YES;
				CLANG_WARN_CONSTANT_CONVERSION = YES;
				CLANG_WARN_DEPRECATED_OBJC_IMPLEMENTATIONS = YES;
				CLANG_WARN_DIRECT_OBJC_ISA_USAGE = YES_ERROR;
				CLANG_WARN_DOCUMENTATION_COMMENTS = YES;
				CLANG_WARN_EMPTY_BODY = YES;
				CLANG_WARN_ENUM_CONVERSION = YES;
				CLANG_WARN_INFINITE_RECURSION = YES;
				CLANG_WARN_INT_CONVERSION = YES;
				CLANG_WARN_NON_LITERAL_NULL_CONVERSION = YES;
				CLANG_WARN_OBJC_IMPLICIT_RETAIN_SELF = YES;
				CLANG_WARN_OBJC_LITERAL_CONVERSION = YES;
				CLANG_WARN_OBJC_ROOT_CLASS = YES_ERROR;
				CLANG_WARN_RANGE_LOOP_ANALYSIS = YES;
				CLANG_WARN_STRICT_PROTOTYPES = YES;
				CLANG_WARN_SUSPICIOUS_MOVE = YES;
				CLANG_WARN_UNGUARDED_AVAILABILITY = YES_AGGRESSIVE;
				CLANG_WARN_UNREACHABLE_CODE = YES;
				CLANG_WARN__DUPLICATE_METHOD_MATCH = YES;
				CODE_SIGN_IDENTITY = "iPhone Developer";
				COPY_PHASE_STRIP = NO;
				DEBUG_INFORMATION_FORMAT = dwarf;
				ENABLE_STRICT_OBJC_MSGSEND = YES;
				ENABLE_TESTABILITY = YES;
				GCC_C_LANGUAGE_STANDARD = gnu11;
				GCC_DYNAMIC_NO_PIC = NO;
				GCC_NO_COMMON_BLOCKS = YES;
				GCC_OPTIMIZATION_LEVEL = 0;
				GCC_PREPROCESSOR_DEFINITIONS = (
					"DEBUG=1",
					"$(inherited)",
				);
				GCC_WARN_64_TO_32_BIT_CONVERSION = YES;
				GCC_WARN_ABOUT_RETURN_TYPE = YES_ERROR;
				GCC_WARN_UNDECLARED_SELECTOR = YES;
				GCC_WARN_UNINITIALIZED_AUTOS = YES_AGGRESSIVE;
				GCC_WARN_UNUSED_FUNCTION = YES;
				GCC_WARN_UNUSED_VARIABLE = YES;
				IPHONEOS_DEPLOYMENT_TARGET = 12.0;
				MTL_ENABLE_DEBUG_INFO = INCLUDE_SOURCE;
				MTL_FAST_MATH = YES;
				ONLY_ACTIVE_ARCH = YES;
				SDKROOT = iphoneos;
				SWIFT_ACTIVE_COMPILATION_CONDITIONS = DEBUG;
				SWIFT_OPTIMIZATION_LEVEL = "-Onone";
			};
			name = Debug;
		};
		A1FFF776251EE8F300446735 /* Release */ = {
			isa = XCBuildConfiguration;
			buildSettings = {
				ALWAYS_SEARCH_USER_PATHS = NO;
				CLANG_ANALYZER_NONNULL = YES;
				CLANG_ANALYZER_NUMBER_OBJECT_CONVERSION = YES_AGGRESSIVE;
				CLANG_CXX_LANGUAGE_STANDARD = "gnu++14";
				CLANG_CXX_LIBRARY = "libc++";
				CLANG_ENABLE_MODULES = YES;
				CLANG_ENABLE_OBJC_ARC = YES;
				CLANG_ENABLE_OBJC_WEAK = YES;
				CLANG_WARN_BLOCK_CAPTURE_AUTORELEASING = YES;
				CLANG_WARN_BOOL_CONVERSION = YES;
				CLANG_WARN_COMMA = YES;
				CLANG_WARN_CONSTANT_CONVERSION = YES;
				CLANG_WARN_DEPRECATED_OBJC_IMPLEMENTATIONS = YES;
				CLANG_WARN_DIRECT_OBJC_ISA_USAGE = YES_ERROR;
				CLANG_WARN_DOCUMENTATION_COMMENTS = YES;
				CLANG_WARN_EMPTY_BODY = YES;
				CLANG_WARN_ENUM_CONVERSION = YES;
				CLANG_WARN_INFINITE_RECURSION = YES;
				CLANG_WARN_INT_CONVERSION = YES;
				CLANG_WARN_NON_LITERAL_NULL_CONVERSION = YES;
				CLANG_WARN_OBJC_IMPLICIT_RETAIN_SELF = YES;
				CLANG_WARN_OBJC_LITERAL_CONVERSION = YES;
				CLANG_WARN_OBJC_ROOT_CLASS = YES_ERROR;
				CLANG_WARN_RANGE_LOOP_ANALYSIS = YES;
				CLANG_WARN_STRICT_PROTOTYPES = YES;
				CLANG_WARN_SUSPICIOUS_MOVE = YES;
				CLANG_WARN_UNGUARDED_AVAILABILITY = YES_AGGRESSIVE;
				CLANG_WARN_UNREACHABLE_CODE = YES;
				CLANG_WARN__DUPLICATE_METHOD_MATCH = YES;
				CODE_SIGN_IDENTITY = "iPhone Developer";
				COPY_PHASE_STRIP = NO;
				DEBUG_INFORMATION_FORMAT = "dwarf-with-dsym";
				ENABLE_NS_ASSERTIONS = NO;
				ENABLE_STRICT_OBJC_MSGSEND = YES;
				GCC_C_LANGUAGE_STANDARD = gnu11;
				GCC_NO_COMMON_BLOCKS = YES;
				GCC_WARN_64_TO_32_BIT_CONVERSION = YES;
				GCC_WARN_ABOUT_RETURN_TYPE = YES_ERROR;
				GCC_WARN_UNDECLARED_SELECTOR = YES;
				GCC_WARN_UNINITIALIZED_AUTOS = YES_AGGRESSIVE;
				GCC_WARN_UNUSED_FUNCTION = YES;
				GCC_WARN_UNUSED_VARIABLE = YES;
				IPHONEOS_DEPLOYMENT_TARGET = 12.0;
				MTL_ENABLE_DEBUG_INFO = NO;
				MTL_FAST_MATH = YES;
				SDKROOT = iphoneos;
				SWIFT_COMPILATION_MODE = wholemodule;
				SWIFT_OPTIMIZATION_LEVEL = "-O";
				VALIDATE_PRODUCT = YES;
			};
			name = Release;
		};
		A1FFF778251EE8F300446735 /* Debug */ = {
			isa = XCBuildConfiguration;
			buildSettings = {
				ASSETCATALOG_COMPILER_APPICON_NAME = AppIcon;
				CODE_SIGN_STYLE = Automatic;
				INFOPLIST_FILE = UITableViewController_test/Info.plist;
				LD_RUNPATH_SEARCH_PATHS = (
					"$(inherited)",
					"@executable_path/Frameworks",
				);
				PRODUCT_BUNDLE_IDENTIFIER = "com.daeseong.UITableViewController-test";
				PRODUCT_NAME = "$(TARGET_NAME)";
				SWIFT_VERSION = 4.2;
				TARGETED_DEVICE_FAMILY = "1,2";
			};
			name = Debug;
		};
		A1FFF779251EE8F300446735 /* Release */ = {
			isa = XCBuildConfiguration;
			buildSettings = {
				ASSETCATALOG_COMPILER_APPICON_NAME = AppIcon;
				CODE_SIGN_STYLE = Automatic;
				INFOPLIST_FILE = UITableViewController_test/Info.plist;
				LD_RUNPATH_SEARCH_PATHS = (
					"$(inherited)",
					"@executable_path/Frameworks",
				);
				PRODUCT_BUNDLE_IDENTIFIER = "com.daeseong.UITableViewController-test";
				PRODUCT_NAME = "$(TARGET_NAME)";
				SWIFT_VERSION = 4.2;
				TARGETED_DEVICE_FAMILY = "1,2";
			};
			name = Release;
		};
/* End XCBuildConfiguration section */

/* Begin XCConfigurationList section */
		A1FFF760251EE8F200446735 /* Build configuration list for PBXProject "UITableViewController_test" */ = {
			isa = XCConfigurationList;
			buildConfigurations = (
				A1FFF775251EE8F300446735 /* Debug */,
				A1FFF776251EE8F300446735 /* Release */,
			);
			defaultConfigurationIsVisible = 0;
			defaultConfigurationName = Release;
		};
		A1FFF777251EE8F300446735 /* Build configuration list for PBXNativeTarget "UITableViewController_test" */ = {
			isa = XCConfigurationList;
			buildConfigurations = (
				A1FFF778251EE8F300446735 /* Debug */,
				A1FFF779251EE8F300446735 /* Release */,
			);
			defaultConfigurationIsVisible = 0;
			defaultConfigurationName = Release;
		};
/* End XCConfigurationList section */
	};
	rootObject = A1FFF75D251EE8F200446735 /* Project object */;
}
