// !$*UTF8*$!
{
	archiveVersion = 1;
	classes = {
	};
	objectVersion = 50;
	objects = {

/* Begin PBXBuildFile section */
		A141A94F250474DA00918C8D /* AppDelegate.swift in Sources */ = {isa = PBXBuildFile; fileRef = A141A94E250474DA00918C8D /* AppDelegate.swift */; };
		A141A951250474DA00918C8D /* item1.swift in Sources */ = {isa = PBXBuildFile; fileRef = A141A950250474DA00918C8D /* item1.swift */; };
		A141A953250474DA00918C8D /* item2.swift in Sources */ = {isa = PBXBuildFile; fileRef = A141A952250474DA00918C8D /* item2.swift */; };
		A141A956250474DA00918C8D /* Main.storyboard in Resources */ = {isa = PBXBuildFile; fileRef = A141A954250474DA00918C8D /* Main.storyboard */; };
		A141A958250474DB00918C8D /* Assets.xcassets in Resources */ = {isa = PBXBuildFile; fileRef = A141A957250474DB00918C8D /* Assets.xcassets */; };
		A141A95B250474DB00918C8D /* LaunchScreen.storyboard in Resources */ = {isa = PBXBuildFile; fileRef = A141A959250474DB00918C8D /* LaunchScreen.storyboard */; };
		A141A9632504798000918C8D /* UITabBarControllerEx1.swift in Sources */ = {isa = PBXBuildFile; fileRef = A141A9622504798000918C8D /* UITabBarControllerEx1.swift */; };
		A141A9652504899900918C8D /* item3.swift in Sources */ = {isa = PBXBuildFile; fileRef = A141A9642504899900918C8D /* item3.swift */; };
/* End PBXBuildFile section */

/* Begin PBXFileReference section */
		A141A94B250474DA00918C8D /* UITabBarController_test5.app */ = {isa = PBXFileReference; explicitFileType = wrapper.application; includeInIndex = 0; path = UITabBarController_test5.app; sourceTree = BUILT_PRODUCTS_DIR; };
		A141A94E250474DA00918C8D /* AppDelegate.swift */ = {isa = PBXFileReference; lastKnownFileType = sourcecode.swift; path = AppDelegate.swift; sourceTree = "<group>"; };
		A141A950250474DA00918C8D /* item1.swift */ = {isa = PBXFileReference; lastKnownFileType = sourcecode.swift; path = item1.swift; sourceTree = "<group>"; };
		A141A952250474DA00918C8D /* item2.swift */ = {isa = PBXFileReference; lastKnownFileType = sourcecode.swift; path = item2.swift; sourceTree = "<group>"; };
		A141A955250474DA00918C8D /* Base */ = {isa = PBXFileReference; lastKnownFileType = file.storyboard; name = Base; path = Base.lproj/Main.storyboard; sourceTree = "<group>"; };
		A141A957250474DB00918C8D /* Assets.xcassets */ = {isa = PBXFileReference; lastKnownFileType = folder.assetcatalog; path = Assets.xcassets; sourceTree = "<group>"; };
		A141A95A250474DB00918C8D /* Base */ = {isa = PBXFileReference; lastKnownFileType = file.storyboard; name = Base; path = Base.lproj/LaunchScreen.storyboard; sourceTree = "<group>"; };
		A141A95C250474DB00918C8D /* Info.plist */ = {isa = PBXFileReference; lastKnownFileType = text.plist.xml; path = Info.plist; sourceTree = "<group>"; };
		A141A9622504798000918C8D /* UITabBarControllerEx1.swift */ = {isa = PBXFileReference; lastKnownFileType = sourcecode.swift; path = UITabBarControllerEx1.swift; sourceTree = "<group>"; };
		A141A9642504899900918C8D /* item3.swift */ = {isa = PBXFileReference; lastKnownFileType = sourcecode.swift; path = item3.swift; sourceTree = "<group>"; };
/* End PBXFileReference section */

/* Begin PBXFrameworksBuildPhase section */
		A141A948250474DA00918C8D /* Frameworks */ = {
			isa = PBXFrameworksBuildPhase;
			buildActionMask = 2147483647;
			files = (
			);
			runOnlyForDeploymentPostprocessing = 0;
		};
/* End PBXFrameworksBuildPhase section */

/* Begin PBXGroup section */
		A141A942250474DA00918C8D = {
			isa = PBXGroup;
			children = (
				A141A94D250474DA00918C8D /* UITabBarController_test5 */,
				A141A94C250474DA00918C8D /* Products */,
			);
			sourceTree = "<group>";
		};
		A141A94C250474DA00918C8D /* Products */ = {
			isa = PBXGroup;
			children = (
				A141A94B250474DA00918C8D /* UITabBarController_test5.app */,
			);
			name = Products;
			sourceTree = "<group>";
		};
		A141A94D250474DA00918C8D /* UITabBarController_test5 */ = {
			isa = PBXGroup;
			children = (
				A141A94E250474DA00918C8D /* AppDelegate.swift */,
				A141A950250474DA00918C8D /* item1.swift */,
				A141A952250474DA00918C8D /* item2.swift */,
				A141A954250474DA00918C8D /* Main.storyboard */,
				A141A957250474DB00918C8D /* Assets.xcassets */,
				A141A959250474DB00918C8D /* LaunchScreen.storyboard */,
				A141A95C250474DB00918C8D /* Info.plist */,
				A141A9622504798000918C8D /* UITabBarControllerEx1.swift */,
				A141A9642504899900918C8D /* item3.swift */,
			);
			path = UITabBarController_test5;
			sourceTree = "<group>";
		};
/* End PBXGroup section */

/* Begin PBXNativeTarget section */
		A141A94A250474DA00918C8D /* UITabBarController_test5 */ = {
			isa = PBXNativeTarget;
			buildConfigurationList = A141A95F250474DB00918C8D /* Build configuration list for PBXNativeTarget "UITabBarController_test5" */;
			buildPhases = (
				A141A947250474DA00918C8D /* Sources */,
				A141A948250474DA00918C8D /* Frameworks */,
				A141A949250474DA00918C8D /* Resources */,
			);
			buildRules = (
			);
			dependencies = (
			);
			name = UITabBarController_test5;
			productName = UITabBarController_test5;
			productReference = A141A94B250474DA00918C8D /* UITabBarController_test5.app */;
			productType = "com.apple.product-type.application";
		};
/* End PBXNativeTarget section */

/* Begin PBXProject section */
		A141A943250474DA00918C8D /* Project object */ = {
			isa = PBXProject;
			attributes = {
				LastSwiftUpdateCheck = 1000;
				LastUpgradeCheck = 1000;
				ORGANIZATIONNAME = daeseong;
				TargetAttributes = {
					A141A94A250474DA00918C8D = {
						CreatedOnToolsVersion = 10.0;
					};
				};
			};
			buildConfigurationList = A141A946250474DA00918C8D /* Build configuration list for PBXProject "UITabBarController_test5" */;
			compatibilityVersion = "Xcode 9.3";
			developmentRegion = en;
			hasScannedForEncodings = 0;
			knownRegions = (
				en,
				Base,
			);
			mainGroup = A141A942250474DA00918C8D;
			productRefGroup = A141A94C250474DA00918C8D /* Products */;
			projectDirPath = "";
			projectRoot = "";
			targets = (
				A141A94A250474DA00918C8D /* UITabBarController_test5 */,
			);
		};
/* End PBXProject section */

/* Begin PBXResourcesBuildPhase section */
		A141A949250474DA00918C8D /* Resources */ = {
			isa = PBXResourcesBuildPhase;
			buildActionMask = 2147483647;
			files = (
				A141A95B250474DB00918C8D /* LaunchScreen.storyboard in Resources */,
				A141A958250474DB00918C8D /* Assets.xcassets in Resources */,
				A141A956250474DA00918C8D /* Main.storyboard in Resources */,
			);
			runOnlyForDeploymentPostprocessing = 0;
		};
/* End PBXResourcesBuildPhase section */

/* Begin PBXSourcesBuildPhase section */
		A141A947250474DA00918C8D /* Sources */ = {
			isa = PBXSourcesBuildPhase;
			buildActionMask = 2147483647;
			files = (
				A141A953250474DA00918C8D /* item2.swift in Sources */,
				A141A94F250474DA00918C8D /* AppDelegate.swift in Sources */,
				A141A9632504798000918C8D /* UITabBarControllerEx1.swift in Sources */,
				A141A951250474DA00918C8D /* item1.swift in Sources */,
				A141A9652504899900918C8D /* item3.swift in Sources */,
			);
			runOnlyForDeploymentPostprocessing = 0;
		};
/* End PBXSourcesBuildPhase section */

/* Begin PBXVariantGroup section */
		A141A954250474DA00918C8D /* Main.storyboard */ = {
			isa = PBXVariantGroup;
			children = (
				A141A955250474DA00918C8D /* Base */,
			);
			name = Main.storyboard;
			sourceTree = "<group>";
		};
		A141A959250474DB00918C8D /* LaunchScreen.storyboard */ = {
			isa = PBXVariantGroup;
			children = (
				A141A95A250474DB00918C8D /* Base */,
			);
			name = LaunchScreen.storyboard;
			sourceTree = "<group>";
		};
/* End PBXVariantGroup section */

/* Begin XCBuildConfiguration section */
		A141A95D250474DB00918C8D /* Debug */ = {
			isa = XCBuildConfiguration;
			buildSettings = {
				ALWAYS_SEARCH_USER_PATHS = NO;
				CLANG_ANALYZER_NONNULL = YES;
				CLANG_ANALYZER_NUMBER_OBJECT_CONVERSION = YES_AGGRESSIVE;
				CLANG_CXX_LANGUAGE_STANDARD = "gnu++14";
				CLANG_CXX_LIBRARY = "libc++";
				CLANG_ENABLE_MODULES = YES;
				CLANG_ENABLE_OBJC_ARC = YES;
				CLANG_ENABLE_OBJC_WEAK = YES;
				CLANG_WARN_BLOCK_CAPTURE_AUTORELEASING = YES;
				CLANG_WARN_BOOL_CONVERSION = YES;
				CLANG_WARN_COMMA = YES;
				CLANG_WARN_CONSTANT_CONVERSION = YES;
				CLANG_WARN_DEPRECATED_OBJC_IMPLEMENTATIONS = YES;
				CLANG_WARN_DIRECT_OBJC_ISA_USAGE = YES_ERROR;
				CLANG_WARN_DOCUMENTATION_COMMENTS = YES;
				CLANG_WARN_EMPTY_BODY = YES;
				CLANG_WARN_ENUM_CONVERSION = YES;
				CLANG_WARN_INFINITE_RECURSION = YES;
				CLANG_WARN_INT_CONVERSION = YES;
				CLANG_WARN_NON_LITERAL_NULL_CONVERSION = YES;
				CLANG_WARN_OBJC_IMPLICIT_RETAIN_SELF = YES;
				CLANG_WARN_OBJC_LITERAL_CONVERSION = YES;
				CLANG_WARN_OBJC_ROOT_CLASS = YES_ERROR;
				CLANG_WARN_RANGE_LOOP_ANALYSIS = YES;
				CLANG_WARN_STRICT_PROTOTYPES = YES;
				CLANG_WARN_SUSPICIOUS_MOVE = YES;
				CLANG_WARN_UNGUARDED_AVAILABILITY = YES_AGGRESSIVE;
				CLANG_WARN_UNREACHABLE_CODE = YES;
				CLANG_WARN__DUPLICATE_METHOD_MATCH = YES;
				CODE_SIGN_IDENTITY = "iPhone Developer";
				COPY_PHASE_STRIP = NO;
				DEBUG_INFORMATION_FORMAT = dwarf;
				ENABLE_STRICT_OBJC_MSGSEND = YES;
				ENABLE_TESTABILITY = YES;
				GCC_C_LANGUAGE_STANDARD = gnu11;
				GCC_DYNAMIC_NO_PIC = NO;
				GCC_NO_COMMON_BLOCKS = YES;
				GCC_OPTIMIZATION_LEVEL = 0;
				GCC_PREPROCESSOR_DEFINITIONS = (
					"DEBUG=1",
					"$(inherited)",
				);
				GCC_WARN_64_TO_32_BIT_CONVERSION = YES;
				GCC_WARN_ABOUT_RETURN_TYPE = YES_ERROR;
				GCC_WARN_UNDECLARED_SELECTOR = YES;
				GCC_WARN_UNINITIALIZED_AUTOS = YES_AGGRESSIVE;
				GCC_WARN_UNUSED_FUNCTION = YES;
				GCC_WARN_UNUSED_VARIABLE = YES;
				IPHONEOS_DEPLOYMENT_TARGET = 12.0;
				MTL_ENABLE_DEBUG_INFO = INCLUDE_SOURCE;
				MTL_FAST_MATH = YES;
				ONLY_ACTIVE_ARCH = YES;
				SDKROOT = iphoneos;
				SWIFT_ACTIVE_COMPILATION_CONDITIONS = DEBUG;
				SWIFT_OPTIMIZATION_LEVEL = "-Onone";
			};
			name = Debug;
		};
		A141A95E250474DB00918C8D /* Release */ = {
			isa = XCBuildConfiguration;
			buildSettings = {
				ALWAYS_SEARCH_USER_PATHS = NO;
				CLANG_ANALYZER_NONNULL = YES;
				CLANG_ANALYZER_NUMBER_OBJECT_CONVERSION = YES_AGGRESSIVE;
				CLANG_CXX_LANGUAGE_STANDARD = "gnu++14";
				CLANG_CXX_LIBRARY = "libc++";
				CLANG_ENABLE_MODULES = YES;
				CLANG_ENABLE_OBJC_ARC = YES;
				CLANG_ENABLE_OBJC_WEAK = YES;
				CLANG_WARN_BLOCK_CAPTURE_AUTORELEASING = YES;
				CLANG_WARN_BOOL_CONVERSION = YES;
				CLANG_WARN_COMMA = YES;
				CLANG_WARN_CONSTANT_CONVERSION = YES;
				CLANG_WARN_DEPRECATED_OBJC_IMPLEMENTATIONS = YES;
				CLANG_WARN_DIRECT_OBJC_ISA_USAGE = YES_ERROR;
				CLANG_WARN_DOCUMENTATION_COMMENTS = YES;
				CLANG_WARN_EMPTY_BODY = YES;
				CLANG_WARN_ENUM_CONVERSION = YES;
				CLANG_WARN_INFINITE_RECURSION = YES;
				CLANG_WARN_INT_CONVERSION = YES;
				CLANG_WARN_NON_LITERAL_NULL_CONVERSION = YES;
				CLANG_WARN_OBJC_IMPLICIT_RETAIN_SELF = YES;
				CLANG_WARN_OBJC_LITERAL_CONVERSION = YES;
				CLANG_WARN_OBJC_ROOT_CLASS = YES_ERROR;
				CLANG_WARN_RANGE_LOOP_ANALYSIS = YES;
				CLANG_WARN_STRICT_PROTOTYPES = YES;
				CLANG_WARN_SUSPICIOUS_MOVE = YES;
				CLANG_WARN_UNGUARDED_AVAILABILITY = YES_AGGRESSIVE;
				CLANG_WARN_UNREACHABLE_CODE = YES;
				CLANG_WARN__DUPLICATE_METHOD_MATCH = YES;
				CODE_SIGN_IDENTITY = "iPhone Developer";
				COPY_PHASE_STRIP = NO;
				DEBUG_INFORMATION_FORMAT = "dwarf-with-dsym";
				ENABLE_NS_ASSERTIONS = NO;
				ENABLE_STRICT_OBJC_MSGSEND = YES;
				GCC_C_LANGUAGE_STANDARD = gnu11;
				GCC_NO_COMMON_BLOCKS = YES;
				GCC_WARN_64_TO_32_BIT_CONVERSION = YES;
				GCC_WARN_ABOUT_RETURN_TYPE = YES_ERROR;
				GCC_WARN_UNDECLARED_SELECTOR = YES;
				GCC_WARN_UNINITIALIZED_AUTOS = YES_AGGRESSIVE;
				GCC_WARN_UNUSED_FUNCTION = YES;
				GCC_WARN_UNUSED_VARIABLE = YES;
				IPHONEOS_DEPLOYMENT_TARGET = 12.0;
				MTL_ENABLE_DEBUG_INFO = NO;
				MTL_FAST_MATH = YES;
				SDKROOT = iphoneos;
				SWIFT_COMPILATION_MODE = wholemodule;
				SWIFT_OPTIMIZATION_LEVEL = "-O";
				VALIDATE_PRODUCT = YES;
			};
			name = Release;
		};
		A141A960250474DB00918C8D /* Debug */ = {
			isa = XCBuildConfiguration;
			buildSettings = {
				ASSETCATALOG_COMPILER_APPICON_NAME = AppIcon;
				CODE_SIGN_STYLE = Automatic;
				INFOPLIST_FILE = UITabBarController_test5/Info.plist;
				LD_RUNPATH_SEARCH_PATHS = (
					"$(inherited)",
					"@executable_path/Frameworks",
				);
				PRODUCT_BUNDLE_IDENTIFIER = "com.daeseong.UITabBarController-test5";
				PRODUCT_NAME = "$(TARGET_NAME)";
				SWIFT_VERSION = 4.2;
				TARGETED_DEVICE_FAMILY = "1,2";
			};
			name = Debug;
		};
		A141A961250474DB00918C8D /* Release */ = {
			isa = XCBuildConfiguration;
			buildSettings = {
				ASSETCATALOG_COMPILER_APPICON_NAME = AppIcon;
				CODE_SIGN_STYLE = Automatic;
				INFOPLIST_FILE = UITabBarController_test5/Info.plist;
				LD_RUNPATH_SEARCH_PATHS = (
					"$(inherited)",
					"@executable_path/Frameworks",
				);
				PRODUCT_BUNDLE_IDENTIFIER = "com.daeseong.UITabBarController-test5";
				PRODUCT_NAME = "$(TARGET_NAME)";
				SWIFT_VERSION = 4.2;
				TARGETED_DEVICE_FAMILY = "1,2";
			};
			name = Release;
		};
/* End XCBuildConfiguration section */

/* Begin XCConfigurationList section */
		A141A946250474DA00918C8D /* Build configuration list for PBXProject "UITabBarController_test5" */ = {
			isa = XCConfigurationList;
			buildConfigurations = (
				A141A95D250474DB00918C8D /* Debug */,
				A141A95E250474DB00918C8D /* Release */,
			);
			defaultConfigurationIsVisible = 0;
			defaultConfigurationName = Release;
		};
		A141A95F250474DB00918C8D /* Build configuration list for PBXNativeTarget "UITabBarController_test5" */ = {
			isa = XCConfigurationList;
			buildConfigurations = (
				A141A960250474DB00918C8D /* Debug */,
				A141A961250474DB00918C8D /* Release */,
			);
			defaultConfigurationIsVisible = 0;
			defaultConfigurationName = Release;
		};
/* End XCConfigurationList section */
	};
	rootObject = A141A943250474DA00918C8D /* Project object */;
}
