// !$*UTF8*$!
{
	archiveVersion = 1;
	classes = {
	};
	objectVersion = 50;
	objects = {

/* Begin PBXBuildFile section */
		A1030D73251B32C200DCBAEE /* ButtonEx6.swift in Sources */ = {isa = PBXBuildFile; fileRef = A1030D72251B32C200DCBAEE /* ButtonEx6.swift */; };
		A1FECCEF24E659290006E40F /* AppDelegate.swift in Sources */ = {isa = PBXBuildFile; fileRef = A1FECCEE24E659290006E40F /* AppDelegate.swift */; };
		A1FECCF124E659290006E40F /* ViewController.swift in Sources */ = {isa = PBXBuildFile; fileRef = A1FECCF024E659290006E40F /* ViewController.swift */; };
		A1FECCF424E659290006E40F /* Main.storyboard in Resources */ = {isa = PBXBuildFile; fileRef = A1FECCF224E659290006E40F /* Main.storyboard */; };
		A1FECCF624E659290006E40F /* Assets.xcassets in Resources */ = {isa = PBXBuildFile; fileRef = A1FECCF524E659290006E40F /* Assets.xcassets */; };
		A1FECCF924E659290006E40F /* LaunchScreen.storyboard in Resources */ = {isa = PBXBuildFile; fileRef = A1FECCF724E659290006E40F /* LaunchScreen.storyboard */; };
		A1FECD0124E65A040006E40F /* ViewController1.swift in Sources */ = {isa = PBXBuildFile; fileRef = A1FECD0024E65A040006E40F /* ViewController1.swift */; };
		A1FECD0324E65A540006E40F /* ViewController2.swift in Sources */ = {isa = PBXBuildFile; fileRef = A1FECD0224E65A540006E40F /* ViewController2.swift */; };
		A1FECD0524E66D0E0006E40F /* ButtonEx1.swift in Sources */ = {isa = PBXBuildFile; fileRef = A1FECD0424E66D0E0006E40F /* ButtonEx1.swift */; };
		A1FECD0724E675D80006E40F /* ButtonEx2.swift in Sources */ = {isa = PBXBuildFile; fileRef = A1FECD0624E675D80006E40F /* ButtonEx2.swift */; };
		A1FECD0924E6798F0006E40F /* ButtonEx3.swift in Sources */ = {isa = PBXBuildFile; fileRef = A1FECD0824E6798F0006E40F /* ButtonEx3.swift */; };
		A1FECD0B24E67BD80006E40F /* ButtonEx4.swift in Sources */ = {isa = PBXBuildFile; fileRef = A1FECD0A24E67BD80006E40F /* ButtonEx4.swift */; };
		A1FECD0D24E682D50006E40F /* ButtonEx5.swift in Sources */ = {isa = PBXBuildFile; fileRef = A1FECD0C24E682D50006E40F /* ButtonEx5.swift */; };
		A1FFBF45252D5D62005A7E1F /* ButtonEx7.swift in Sources */ = {isa = PBXBuildFile; fileRef = A1FFBF44252D5D62005A7E1F /* ButtonEx7.swift */; };
/* End PBXBuildFile section */

/* Begin PBXFileReference section */
		A1030D72251B32C200DCBAEE /* ButtonEx6.swift */ = {isa = PBXFileReference; lastKnownFileType = sourcecode.swift; path = ButtonEx6.swift; sourceTree = "<group>"; };
		A1FECCEB24E659290006E40F /* Button_test.app */ = {isa = PBXFileReference; explicitFileType = wrapper.application; includeInIndex = 0; path = Button_test.app; sourceTree = BUILT_PRODUCTS_DIR; };
		A1FECCEE24E659290006E40F /* AppDelegate.swift */ = {isa = PBXFileReference; lastKnownFileType = sourcecode.swift; path = AppDelegate.swift; sourceTree = "<group>"; };
		A1FECCF024E659290006E40F /* ViewController.swift */ = {isa = PBXFileReference; lastKnownFileType = sourcecode.swift; path = ViewController.swift; sourceTree = "<group>"; };
		A1FECCF324E659290006E40F /* Base */ = {isa = PBXFileReference; lastKnownFileType = file.storyboard; name = Base; path = Base.lproj/Main.storyboard; sourceTree = "<group>"; };
		A1FECCF524E659290006E40F /* Assets.xcassets */ = {isa = PBXFileReference; lastKnownFileType = folder.assetcatalog; path = Assets.xcassets; sourceTree = "<group>"; };
		A1FECCF824E659290006E40F /* Base */ = {isa = PBXFileReference; lastKnownFileType = file.storyboard; name = Base; path = Base.lproj/LaunchScreen.storyboard; sourceTree = "<group>"; };
		A1FECCFA24E659290006E40F /* Info.plist */ = {isa = PBXFileReference; lastKnownFileType = text.plist.xml; path = Info.plist; sourceTree = "<group>"; };
		A1FECD0024E65A040006E40F /* ViewController1.swift */ = {isa = PBXFileReference; lastKnownFileType = sourcecode.swift; path = ViewController1.swift; sourceTree = "<group>"; };
		A1FECD0224E65A540006E40F /* ViewController2.swift */ = {isa = PBXFileReference; lastKnownFileType = sourcecode.swift; path = ViewController2.swift; sourceTree = "<group>"; };
		A1FECD0424E66D0E0006E40F /* ButtonEx1.swift */ = {isa = PBXFileReference; lastKnownFileType = sourcecode.swift; path = ButtonEx1.swift; sourceTree = "<group>"; };
		A1FECD0624E675D80006E40F /* ButtonEx2.swift */ = {isa = PBXFileReference; lastKnownFileType = sourcecode.swift; path = ButtonEx2.swift; sourceTree = "<group>"; };
		A1FECD0824E6798F0006E40F /* ButtonEx3.swift */ = {isa = PBXFileReference; lastKnownFileType = sourcecode.swift; path = ButtonEx3.swift; sourceTree = "<group>"; };
		A1FECD0A24E67BD80006E40F /* ButtonEx4.swift */ = {isa = PBXFileReference; lastKnownFileType = sourcecode.swift; path = ButtonEx4.swift; sourceTree = "<group>"; };
		A1FECD0C24E682D50006E40F /* ButtonEx5.swift */ = {isa = PBXFileReference; lastKnownFileType = sourcecode.swift; path = ButtonEx5.swift; sourceTree = "<group>"; };
		A1FFBF44252D5D62005A7E1F /* ButtonEx7.swift */ = {isa = PBXFileReference; lastKnownFileType = sourcecode.swift; path = ButtonEx7.swift; sourceTree = "<group>"; };
/* End PBXFileReference section */

/* Begin PBXFrameworksBuildPhase section */
		A1FECCE824E659290006E40F /* Frameworks */ = {
			isa = PBXFrameworksBuildPhase;
			buildActionMask = 2147483647;
			files = (
			);
			runOnlyForDeploymentPostprocessing = 0;
		};
/* End PBXFrameworksBuildPhase section */

/* Begin PBXGroup section */
		A1FECCE224E659290006E40F = {
			isa = PBXGroup;
			children = (
				A1FECCED24E659290006E40F /* Button_test */,
				A1FECCEC24E659290006E40F /* Products */,
			);
			sourceTree = "<group>";
		};
		A1FECCEC24E659290006E40F /* Products */ = {
			isa = PBXGroup;
			children = (
				A1FECCEB24E659290006E40F /* Button_test.app */,
			);
			name = Products;
			sourceTree = "<group>";
		};
		A1FECCED24E659290006E40F /* Button_test */ = {
			isa = PBXGroup;
			children = (
				A1FECCEE24E659290006E40F /* AppDelegate.swift */,
				A1FECCF024E659290006E40F /* ViewController.swift */,
				A1FECCF224E659290006E40F /* Main.storyboard */,
				A1FECCF524E659290006E40F /* Assets.xcassets */,
				A1FECCF724E659290006E40F /* LaunchScreen.storyboard */,
				A1FECCFA24E659290006E40F /* Info.plist */,
				A1FECD0024E65A040006E40F /* ViewController1.swift */,
				A1FECD0224E65A540006E40F /* ViewController2.swift */,
				A1FECD0424E66D0E0006E40F /* ButtonEx1.swift */,
				A1FECD0624E675D80006E40F /* ButtonEx2.swift */,
				A1FECD0824E6798F0006E40F /* ButtonEx3.swift */,
				A1FECD0A24E67BD80006E40F /* ButtonEx4.swift */,
				A1FECD0C24E682D50006E40F /* ButtonEx5.swift */,
				A1030D72251B32C200DCBAEE /* ButtonEx6.swift */,
				A1FFBF44252D5D62005A7E1F /* ButtonEx7.swift */,
			);
			path = Button_test;
			sourceTree = "<group>";
		};
/* End PBXGroup section */

/* Begin PBXNativeTarget section */
		A1FECCEA24E659290006E40F /* Button_test */ = {
			isa = PBXNativeTarget;
			buildConfigurationList = A1FECCFD24E659290006E40F /* Build configuration list for PBXNativeTarget "Button_test" */;
			buildPhases = (
				A1FECCE724E659290006E40F /* Sources */,
				A1FECCE824E659290006E40F /* Frameworks */,
				A1FECCE924E659290006E40F /* Resources */,
			);
			buildRules = (
			);
			dependencies = (
			);
			name = Button_test;
			productName = Button_test;
			productReference = A1FECCEB24E659290006E40F /* Button_test.app */;
			productType = "com.apple.product-type.application";
		};
/* End PBXNativeTarget section */

/* Begin PBXProject section */
		A1FECCE324E659290006E40F /* Project object */ = {
			isa = PBXProject;
			attributes = {
				LastSwiftUpdateCheck = 1000;
				LastUpgradeCheck = 1000;
				ORGANIZATIONNAME = daeseong;
				TargetAttributes = {
					A1FECCEA24E659290006E40F = {
						CreatedOnToolsVersion = 10.0;
					};
				};
			};
			buildConfigurationList = A1FECCE624E659290006E40F /* Build configuration list for PBXProject "Button_test" */;
			compatibilityVersion = "Xcode 9.3";
			developmentRegion = en;
			hasScannedForEncodings = 0;
			knownRegions = (
				en,
				Base,
			);
			mainGroup = A1FECCE224E659290006E40F;
			productRefGroup = A1FECCEC24E659290006E40F /* Products */;
			projectDirPath = "";
			projectRoot = "";
			targets = (
				A1FECCEA24E659290006E40F /* Button_test */,
			);
		};
/* End PBXProject section */

/* Begin PBXResourcesBuildPhase section */
		A1FECCE924E659290006E40F /* Resources */ = {
			isa = PBXResourcesBuildPhase;
			buildActionMask = 2147483647;
			files = (
				A1FECCF924E659290006E40F /* LaunchScreen.storyboard in Resources */,
				A1FECCF624E659290006E40F /* Assets.xcassets in Resources */,
				A1FECCF424E659290006E40F /* Main.storyboard in Resources */,
			);
			runOnlyForDeploymentPostprocessing = 0;
		};
/* End PBXResourcesBuildPhase section */

/* Begin PBXSourcesBuildPhase section */
		A1FECCE724E659290006E40F /* Sources */ = {
			isa = PBXSourcesBuildPhase;
			buildActionMask = 2147483647;
			files = (
				A1FECD0124E65A040006E40F /* ViewController1.swift in Sources */,
				A1FFBF45252D5D62005A7E1F /* ButtonEx7.swift in Sources */,
				A1FECD0324E65A540006E40F /* ViewController2.swift in Sources */,
				A1FECD0524E66D0E0006E40F /* ButtonEx1.swift in Sources */,
				A1FECD0724E675D80006E40F /* ButtonEx2.swift in Sources */,
				A1FECD0924E6798F0006E40F /* ButtonEx3.swift in Sources */,
				A1030D73251B32C200DCBAEE /* ButtonEx6.swift in Sources */,
				A1FECCF124E659290006E40F /* ViewController.swift in Sources */,
				A1FECCEF24E659290006E40F /* AppDelegate.swift in Sources */,
				A1FECD0D24E682D50006E40F /* ButtonEx5.swift in Sources */,
				A1FECD0B24E67BD80006E40F /* ButtonEx4.swift in Sources */,
			);
			runOnlyForDeploymentPostprocessing = 0;
		};
/* End PBXSourcesBuildPhase section */

/* Begin PBXVariantGroup section */
		A1FECCF224E659290006E40F /* Main.storyboard */ = {
			isa = PBXVariantGroup;
			children = (
				A1FECCF324E659290006E40F /* Base */,
			);
			name = Main.storyboard;
			sourceTree = "<group>";
		};
		A1FECCF724E659290006E40F /* LaunchScreen.storyboard */ = {
			isa = PBXVariantGroup;
			children = (
				A1FECCF824E659290006E40F /* Base */,
			);
			name = LaunchScreen.storyboard;
			sourceTree = "<group>";
		};
/* End PBXVariantGroup section */

/* Begin XCBuildConfiguration section */
		A1FECCFB24E659290006E40F /* Debug */ = {
			isa = XCBuildConfiguration;
			buildSettings = {
				ALWAYS_SEARCH_USER_PATHS = NO;
				CLANG_ANALYZER_NONNULL = YES;
				CLANG_ANALYZER_NUMBER_OBJECT_CONVERSION = YES_AGGRESSIVE;
				CLANG_CXX_LANGUAGE_STANDARD = "gnu++14";
				CLANG_CXX_LIBRARY = "libc++";
				CLANG_ENABLE_MODULES = YES;
				CLANG_ENABLE_OBJC_ARC = YES;
				CLANG_ENABLE_OBJC_WEAK = YES;
				CLANG_WARN_BLOCK_CAPTURE_AUTORELEASING = YES;
				CLANG_WARN_BOOL_CONVERSION = YES;
				CLANG_WARN_COMMA = YES;
				CLANG_WARN_CONSTANT_CONVERSION = YES;
				CLANG_WARN_DEPRECATED_OBJC_IMPLEMENTATIONS = YES;
				CLANG_WARN_DIRECT_OBJC_ISA_USAGE = YES_ERROR;
				CLANG_WARN_DOCUMENTATION_COMMENTS = YES;
				CLANG_WARN_EMPTY_BODY = YES;
				CLANG_WARN_ENUM_CONVERSION = YES;
				CLANG_WARN_INFINITE_RECURSION = YES;
				CLANG_WARN_INT_CONVERSION = YES;
				CLANG_WARN_NON_LITERAL_NULL_CONVERSION = YES;
				CLANG_WARN_OBJC_IMPLICIT_RETAIN_SELF = YES;
				CLANG_WARN_OBJC_LITERAL_CONVERSION = YES;
				CLANG_WARN_OBJC_ROOT_CLASS = YES_ERROR;
				CLANG_WARN_RANGE_LOOP_ANALYSIS = YES;
				CLANG_WARN_STRICT_PROTOTYPES = YES;
				CLANG_WARN_SUSPICIOUS_MOVE = YES;
				CLANG_WARN_UNGUARDED_AVAILABILITY = YES_AGGRESSIVE;
				CLANG_WARN_UNREACHABLE_CODE = YES;
				CLANG_WARN__DUPLICATE_METHOD_MATCH = YES;
				CODE_SIGN_IDENTITY = "iPhone Developer";
				COPY_PHASE_STRIP = NO;
				DEBUG_INFORMATION_FORMAT = dwarf;
				ENABLE_STRICT_OBJC_MSGSEND = YES;
				ENABLE_TESTABILITY = YES;
				GCC_C_LANGUAGE_STANDARD = gnu11;
				GCC_DYNAMIC_NO_PIC = NO;
				GCC_NO_COMMON_BLOCKS = YES;
				GCC_OPTIMIZATION_LEVEL = 0;
				GCC_PREPROCESSOR_DEFINITIONS = (
					"DEBUG=1",
					"$(inherited)",
				);
				GCC_WARN_64_TO_32_BIT_CONVERSION = YES;
				GCC_WARN_ABOUT_RETURN_TYPE = YES_ERROR;
				GCC_WARN_UNDECLARED_SELECTOR = YES;
				GCC_WARN_UNINITIALIZED_AUTOS = YES_AGGRESSIVE;
				GCC_WARN_UNUSED_FUNCTION = YES;
				GCC_WARN_UNUSED_VARIABLE = YES;
				IPHONEOS_DEPLOYMENT_TARGET = 12.0;
				MTL_ENABLE_DEBUG_INFO = INCLUDE_SOURCE;
				MTL_FAST_MATH = YES;
				ONLY_ACTIVE_ARCH = YES;
				SDKROOT = iphoneos;
				SWIFT_ACTIVE_COMPILATION_CONDITIONS = DEBUG;
				SWIFT_OPTIMIZATION_LEVEL = "-Onone";
			};
			name = Debug;
		};
		A1FECCFC24E659290006E40F /* Release */ = {
			isa = XCBuildConfiguration;
			buildSettings = {
				ALWAYS_SEARCH_USER_PATHS = NO;
				CLANG_ANALYZER_NONNULL = YES;
				CLANG_ANALYZER_NUMBER_OBJECT_CONVERSION = YES_AGGRESSIVE;
				CLANG_CXX_LANGUAGE_STANDARD = "gnu++14";
				CLANG_CXX_LIBRARY = "libc++";
				CLANG_ENABLE_MODULES = YES;
				CLANG_ENABLE_OBJC_ARC = YES;
				CLANG_ENABLE_OBJC_WEAK = YES;
				CLANG_WARN_BLOCK_CAPTURE_AUTORELEASING = YES;
				CLANG_WARN_BOOL_CONVERSION = YES;
				CLANG_WARN_COMMA = YES;
				CLANG_WARN_CONSTANT_CONVERSION = YES;
				CLANG_WARN_DEPRECATED_OBJC_IMPLEMENTATIONS = YES;
				CLANG_WARN_DIRECT_OBJC_ISA_USAGE = YES_ERROR;
				CLANG_WARN_DOCUMENTATION_COMMENTS = YES;
				CLANG_WARN_EMPTY_BODY = YES;
				CLANG_WARN_ENUM_CONVERSION = YES;
				CLANG_WARN_INFINITE_RECURSION = YES;
				CLANG_WARN_INT_CONVERSION = YES;
				CLANG_WARN_NON_LITERAL_NULL_CONVERSION = YES;
				CLANG_WARN_OBJC_IMPLICIT_RETAIN_SELF = YES;
				CLANG_WARN_OBJC_LITERAL_CONVERSION = YES;
				CLANG_WARN_OBJC_ROOT_CLASS = YES_ERROR;
				CLANG_WARN_RANGE_LOOP_ANALYSIS = YES;
				CLANG_WARN_STRICT_PROTOTYPES = YES;
				CLANG_WARN_SUSPICIOUS_MOVE = YES;
				CLANG_WARN_UNGUARDED_AVAILABILITY = YES_AGGRESSIVE;
				CLANG_WARN_UNREACHABLE_CODE = YES;
				CLANG_WARN__DUPLICATE_METHOD_MATCH = YES;
				CODE_SIGN_IDENTITY = "iPhone Developer";
				COPY_PHASE_STRIP = NO;
				DEBUG_INFORMATION_FORMAT = "dwarf-with-dsym";
				ENABLE_NS_ASSERTIONS = NO;
				ENABLE_STRICT_OBJC_MSGSEND = YES;
				GCC_C_LANGUAGE_STANDARD = gnu11;
				GCC_NO_COMMON_BLOCKS = YES;
				GCC_WARN_64_TO_32_BIT_CONVERSION = YES;
				GCC_WARN_ABOUT_RETURN_TYPE = YES_ERROR;
				GCC_WARN_UNDECLARED_SELECTOR = YES;
				GCC_WARN_UNINITIALIZED_AUTOS = YES_AGGRESSIVE;
				GCC_WARN_UNUSED_FUNCTION = YES;
				GCC_WARN_UNUSED_VARIABLE = YES;
				IPHONEOS_DEPLOYMENT_TARGET = 12.0;
				MTL_ENABLE_DEBUG_INFO = NO;
				MTL_FAST_MATH = YES;
				SDKROOT = iphoneos;
				SWIFT_COMPILATION_MODE = wholemodule;
				SWIFT_OPTIMIZATION_LEVEL = "-O";
				VALIDATE_PRODUCT = YES;
			};
			name = Release;
		};
		A1FECCFE24E659290006E40F /* Debug */ = {
			isa = XCBuildConfiguration;
			buildSettings = {
				ASSETCATALOG_COMPILER_APPICON_NAME = AppIcon;
				CODE_SIGN_STYLE = Automatic;
				DEVELOPMENT_TEAM = "";
				INFOPLIST_FILE = Button_test/Info.plist;
				LD_RUNPATH_SEARCH_PATHS = (
					"$(inherited)",
					"@executable_path/Frameworks",
				);
				PRODUCT_BUNDLE_IDENTIFIER = "com.daeseong.Button-test";
				PRODUCT_NAME = "$(TARGET_NAME)";
				SWIFT_VERSION = 4.2;
				TARGETED_DEVICE_FAMILY = 1;
			};
			name = Debug;
		};
		A1FECCFF24E659290006E40F /* Release */ = {
			isa = XCBuildConfiguration;
			buildSettings = {
				ASSETCATALOG_COMPILER_APPICON_NAME = AppIcon;
				CODE_SIGN_STYLE = Automatic;
				DEVELOPMENT_TEAM = "";
				INFOPLIST_FILE = Button_test/Info.plist;
				LD_RUNPATH_SEARCH_PATHS = (
					"$(inherited)",
					"@executable_path/Frameworks",
				);
				PRODUCT_BUNDLE_IDENTIFIER = "com.daeseong.Button-test";
				PRODUCT_NAME = "$(TARGET_NAME)";
				SWIFT_VERSION = 4.2;
				TARGETED_DEVICE_FAMILY = 1;
			};
			name = Release;
		};
/* End XCBuildConfiguration section */

/* Begin XCConfigurationList section */
		A1FECCE624E659290006E40F /* Build configuration list for PBXProject "Button_test" */ = {
			isa = XCConfigurationList;
			buildConfigurations = (
				A1FECCFB24E659290006E40F /* Debug */,
				A1FECCFC24E659290006E40F /* Release */,
			);
			defaultConfigurationIsVisible = 0;
			defaultConfigurationName = Release;
		};
		A1FECCFD24E659290006E40F /* Build configuration list for PBXNativeTarget "Button_test" */ = {
			isa = XCConfigurationList;
			buildConfigurations = (
				A1FECCFE24E659290006E40F /* Debug */,
				A1FECCFF24E659290006E40F /* Release */,
			);
			defaultConfigurationIsVisible = 0;
			defaultConfigurationName = Release;
		};
/* End XCConfigurationList section */
	};
	rootObject = A1FECCE324E659290006E40F /* Project object */;
}
