// !$*UTF8*$!
{
	archiveVersion = 1;
	classes = {
	};
	objectVersion = 51;
	objects = {

/* Begin PBXBuildFile section */
		04342A2EFD42AC5BCE529378 /* Pods_SideMenu_test1.framework in Frameworks */ = {isa = PBXBuildFile; fileRef = 5AECDD31ECCEF0ECE1371EAF /* Pods_SideMenu_test1.framework */; };
		A1340F4725A46BBC0013ACD6 /* AppDelegate.swift in Sources */ = {isa = PBXBuildFile; fileRef = A1340F4625A46BBC0013ACD6 /* AppDelegate.swift */; };
		A1340F4925A46BBC0013ACD6 /* SceneDelegate.swift in Sources */ = {isa = PBXBuildFile; fileRef = A1340F4825A46BBC0013ACD6 /* SceneDelegate.swift */; };
		A1340F4B25A46BBC0013ACD6 /* ViewController.swift in Sources */ = {isa = PBXBuildFile; fileRef = A1340F4A25A46BBC0013ACD6 /* ViewController.swift */; };
		A1340F4E25A46BBC0013ACD6 /* Main.storyboard in Resources */ = {isa = PBXBuildFile; fileRef = A1340F4C25A46BBC0013ACD6 /* Main.storyboard */; };
		A1340F5025A46BBD0013ACD6 /* Assets.xcassets in Resources */ = {isa = PBXBuildFile; fileRef = A1340F4F25A46BBD0013ACD6 /* Assets.xcassets */; };
		A1340F5325A46BBD0013ACD6 /* LaunchScreen.storyboard in Resources */ = {isa = PBXBuildFile; fileRef = A1340F5125A46BBD0013ACD6 /* LaunchScreen.storyboard */; };
		A1340F6125A46EA60013ACD6 /* tab1ViewController.swift in Sources */ = {isa = PBXBuildFile; fileRef = A1340F6025A46EA60013ACD6 /* tab1ViewController.swift */; };
		A1340F6425A46EB10013ACD6 /* tab2ViewController.swift in Sources */ = {isa = PBXBuildFile; fileRef = A1340F6325A46EB10013ACD6 /* tab2ViewController.swift */; };
		A1340F6725A46EBD0013ACD6 /* tab3ViewController.swift in Sources */ = {isa = PBXBuildFile; fileRef = A1340F6625A46EBD0013ACD6 /* tab3ViewController.swift */; };
		A1340F6A25A471450013ACD6 /* menuViewController.swift in Sources */ = {isa = PBXBuildFile; fileRef = A1340F6925A471450013ACD6 /* menuViewController.swift */; };
		A13526EB25A545E900C787F5 /* roundborder.swift in Sources */ = {isa = PBXBuildFile; fileRef = A13526EA25A545E900C787F5 /* roundborder.swift */; };
/* End PBXBuildFile section */

/* Begin PBXFileReference section */
		5AECDD31ECCEF0ECE1371EAF /* Pods_SideMenu_test1.framework */ = {isa = PBXFileReference; explicitFileType = wrapper.framework; includeInIndex = 0; path = Pods_SideMenu_test1.framework; sourceTree = BUILT_PRODUCTS_DIR; };
		9AC2E2FE97CDB2C43B725F62 /* Pods-SideMenu_test1.debug.xcconfig */ = {isa = PBXFileReference; includeInIndex = 1; lastKnownFileType = text.xcconfig; name = "Pods-SideMenu_test1.debug.xcconfig"; path = "Target Support Files/Pods-SideMenu_test1/Pods-SideMenu_test1.debug.xcconfig"; sourceTree = "<group>"; };
		A1340F4325A46BBC0013ACD6 /* SideMenu_test1.app */ = {isa = PBXFileReference; explicitFileType = wrapper.application; includeInIndex = 0; path = SideMenu_test1.app; sourceTree = BUILT_PRODUCTS_DIR; };
		A1340F4625A46BBC0013ACD6 /* AppDelegate.swift */ = {isa = PBXFileReference; lastKnownFileType = sourcecode.swift; path = AppDelegate.swift; sourceTree = "<group>"; };
		A1340F4825A46BBC0013ACD6 /* SceneDelegate.swift */ = {isa = PBXFileReference; lastKnownFileType = sourcecode.swift; path = SceneDelegate.swift; sourceTree = "<group>"; };
		A1340F4A25A46BBC0013ACD6 /* ViewController.swift */ = {isa = PBXFileReference; lastKnownFileType = sourcecode.swift; path = ViewController.swift; sourceTree = "<group>"; };
		A1340F4D25A46BBC0013ACD6 /* Base */ = {isa = PBXFileReference; lastKnownFileType = file.storyboard; name = Base; path = Base.lproj/Main.storyboard; sourceTree = "<group>"; };
		A1340F4F25A46BBD0013ACD6 /* Assets.xcassets */ = {isa = PBXFileReference; lastKnownFileType = folder.assetcatalog; path = Assets.xcassets; sourceTree = "<group>"; };
		A1340F5225A46BBD0013ACD6 /* Base */ = {isa = PBXFileReference; lastKnownFileType = file.storyboard; name = Base; path = Base.lproj/LaunchScreen.storyboard; sourceTree = "<group>"; };
		A1340F5425A46BBD0013ACD6 /* Info.plist */ = {isa = PBXFileReference; lastKnownFileType = text.plist.xml; path = Info.plist; sourceTree = "<group>"; };
		A1340F6025A46EA60013ACD6 /* tab1ViewController.swift */ = {isa = PBXFileReference; lastKnownFileType = sourcecode.swift; path = tab1ViewController.swift; sourceTree = "<group>"; };
		A1340F6325A46EB10013ACD6 /* tab2ViewController.swift */ = {isa = PBXFileReference; lastKnownFileType = sourcecode.swift; path = tab2ViewController.swift; sourceTree = "<group>"; };
		A1340F6625A46EBD0013ACD6 /* tab3ViewController.swift */ = {isa = PBXFileReference; lastKnownFileType = sourcecode.swift; path = tab3ViewController.swift; sourceTree = "<group>"; };
		A1340F6925A471450013ACD6 /* menuViewController.swift */ = {isa = PBXFileReference; lastKnownFileType = sourcecode.swift; path = menuViewController.swift; sourceTree = "<group>"; };
		A13526EA25A545E900C787F5 /* roundborder.swift */ = {isa = PBXFileReference; lastKnownFileType = sourcecode.swift; path = roundborder.swift; sourceTree = "<group>"; };
		BFCDCB1B1F11E858B27D7BB1 /* Pods-SideMenu_test1.release.xcconfig */ = {isa = PBXFileReference; includeInIndex = 1; lastKnownFileType = text.xcconfig; name = "Pods-SideMenu_test1.release.xcconfig"; path = "Target Support Files/Pods-SideMenu_test1/Pods-SideMenu_test1.release.xcconfig"; sourceTree = "<group>"; };
/* End PBXFileReference section */

/* Begin PBXFrameworksBuildPhase section */
		A1340F4025A46BBC0013ACD6 /* Frameworks */ = {
			isa = PBXFrameworksBuildPhase;
			buildActionMask = 2147483647;
			files = (
				04342A2EFD42AC5BCE529378 /* Pods_SideMenu_test1.framework in Frameworks */,
			);
			runOnlyForDeploymentPostprocessing = 0;
		};
/* End PBXFrameworksBuildPhase section */

/* Begin PBXGroup section */
		42EDDC4FCA7EB8AAA965BEA0 /* Frameworks */ = {
			isa = PBXGroup;
			children = (
				5AECDD31ECCEF0ECE1371EAF /* Pods_SideMenu_test1.framework */,
			);
			name = Frameworks;
			sourceTree = "<group>";
		};
		A1340F3A25A46BBC0013ACD6 = {
			isa = PBXGroup;
			children = (
				A1340F4525A46BBC0013ACD6 /* SideMenu_test1 */,
				A1340F4425A46BBC0013ACD6 /* Products */,
				C70C9D446A7FB96D212CF5B0 /* Pods */,
				42EDDC4FCA7EB8AAA965BEA0 /* Frameworks */,
			);
			sourceTree = "<group>";
		};
		A1340F4425A46BBC0013ACD6 /* Products */ = {
			isa = PBXGroup;
			children = (
				A1340F4325A46BBC0013ACD6 /* SideMenu_test1.app */,
			);
			name = Products;
			sourceTree = "<group>";
		};
		A1340F4525A46BBC0013ACD6 /* SideMenu_test1 */ = {
			isa = PBXGroup;
			children = (
				A1340F4625A46BBC0013ACD6 /* AppDelegate.swift */,
				A1340F4825A46BBC0013ACD6 /* SceneDelegate.swift */,
				A1340F4A25A46BBC0013ACD6 /* ViewController.swift */,
				A1340F4C25A46BBC0013ACD6 /* Main.storyboard */,
				A1340F4F25A46BBD0013ACD6 /* Assets.xcassets */,
				A1340F5125A46BBD0013ACD6 /* LaunchScreen.storyboard */,
				A1340F5425A46BBD0013ACD6 /* Info.plist */,
				A1340F6025A46EA60013ACD6 /* tab1ViewController.swift */,
				A1340F6325A46EB10013ACD6 /* tab2ViewController.swift */,
				A1340F6625A46EBD0013ACD6 /* tab3ViewController.swift */,
				A1340F6925A471450013ACD6 /* menuViewController.swift */,
				A13526EA25A545E900C787F5 /* roundborder.swift */,
			);
			path = SideMenu_test1;
			sourceTree = "<group>";
		};
		C70C9D446A7FB96D212CF5B0 /* Pods */ = {
			isa = PBXGroup;
			children = (
				9AC2E2FE97CDB2C43B725F62 /* Pods-SideMenu_test1.debug.xcconfig */,
				BFCDCB1B1F11E858B27D7BB1 /* Pods-SideMenu_test1.release.xcconfig */,
			);
			path = Pods;
			sourceTree = "<group>";
		};
/* End PBXGroup section */

/* Begin PBXNativeTarget section */
		A1340F4225A46BBC0013ACD6 /* SideMenu_test1 */ = {
			isa = PBXNativeTarget;
			buildConfigurationList = A1340F5725A46BBD0013ACD6 /* Build configuration list for PBXNativeTarget "SideMenu_test1" */;
			buildPhases = (
				1A5C50A53D360AE0CEC3C256 /* [CP] Check Pods Manifest.lock */,
				A1340F3F25A46BBC0013ACD6 /* Sources */,
				A1340F4025A46BBC0013ACD6 /* Frameworks */,
				A1340F4125A46BBC0013ACD6 /* Resources */,
				505C54B83FB24D996677B52D /* [CP] Embed Pods Frameworks */,
			);
			buildRules = (
			);
			dependencies = (
			);
			name = SideMenu_test1;
			productName = SideMenu_test1;
			productReference = A1340F4325A46BBC0013ACD6 /* SideMenu_test1.app */;
			productType = "com.apple.product-type.application";
		};
/* End PBXNativeTarget section */

/* Begin PBXProject section */
		A1340F3B25A46BBC0013ACD6 /* Project object */ = {
			isa = PBXProject;
			attributes = {
				LastSwiftUpdateCheck = 1230;
				LastUpgradeCheck = 1230;
				TargetAttributes = {
					A1340F4225A46BBC0013ACD6 = {
						CreatedOnToolsVersion = 12.3;
					};
				};
			};
			buildConfigurationList = A1340F3E25A46BBC0013ACD6 /* Build configuration list for PBXProject "SideMenu_test1" */;
			compatibilityVersion = "Xcode 9.3";
			developmentRegion = en;
			hasScannedForEncodings = 0;
			knownRegions = (
				en,
				Base,
			);
			mainGroup = A1340F3A25A46BBC0013ACD6;
			productRefGroup = A1340F4425A46BBC0013ACD6 /* Products */;
			projectDirPath = "";
			projectRoot = "";
			targets = (
				A1340F4225A46BBC0013ACD6 /* SideMenu_test1 */,
			);
		};
/* End PBXProject section */

/* Begin PBXResourcesBuildPhase section */
		A1340F4125A46BBC0013ACD6 /* Resources */ = {
			isa = PBXResourcesBuildPhase;
			buildActionMask = 2147483647;
			files = (
				A1340F5325A46BBD0013ACD6 /* LaunchScreen.storyboard in Resources */,
				A1340F5025A46BBD0013ACD6 /* Assets.xcassets in Resources */,
				A1340F4E25A46BBC0013ACD6 /* Main.storyboard in Resources */,
			);
			runOnlyForDeploymentPostprocessing = 0;
		};
/* End PBXResourcesBuildPhase section */

/* Begin PBXShellScriptBuildPhase section */
		1A5C50A53D360AE0CEC3C256 /* [CP] Check Pods Manifest.lock */ = {
			isa = PBXShellScriptBuildPhase;
			buildActionMask = 2147483647;
			files = (
			);
			inputFileListPaths = (
			);
			inputPaths = (
				"${PODS_PODFILE_DIR_PATH}/Podfile.lock",
				"${PODS_ROOT}/Manifest.lock",
			);
			name = "[CP] Check Pods Manifest.lock";
			outputFileListPaths = (
			);
			outputPaths = (
				"$(DERIVED_FILE_DIR)/Pods-SideMenu_test1-checkManifestLockResult.txt",
			);
			runOnlyForDeploymentPostprocessing = 0;
			shellPath = /bin/sh;
			shellScript = "diff \"${PODS_PODFILE_DIR_PATH}/Podfile.lock\" \"${PODS_ROOT}/Manifest.lock\" > /dev/null\nif [ $? != 0 ] ; then\n    # print error to STDERR\n    echo \"error: The sandbox is not in sync with the Podfile.lock. Run 'pod install' or update your CocoaPods installation.\" >&2\n    exit 1\nfi\n# This output is used by Xcode 'outputs' to avoid re-running this script phase.\necho \"SUCCESS\" > \"${SCRIPT_OUTPUT_FILE_0}\"\n";
			showEnvVarsInLog = 0;
		};
		505C54B83FB24D996677B52D /* [CP] Embed Pods Frameworks */ = {
			isa = PBXShellScriptBuildPhase;
			buildActionMask = 2147483647;
			files = (
			);
			inputFileListPaths = (
				"${PODS_ROOT}/Target Support Files/Pods-SideMenu_test1/Pods-SideMenu_test1-frameworks-${CONFIGURATION}-input-files.xcfilelist",
			);
			name = "[CP] Embed Pods Frameworks";
			outputFileListPaths = (
				"${PODS_ROOT}/Target Support Files/Pods-SideMenu_test1/Pods-SideMenu_test1-frameworks-${CONFIGURATION}-output-files.xcfilelist",
			);
			runOnlyForDeploymentPostprocessing = 0;
			shellPath = /bin/sh;
			shellScript = "\"${PODS_ROOT}/Target Support Files/Pods-SideMenu_test1/Pods-SideMenu_test1-frameworks.sh\"\n";
			showEnvVarsInLog = 0;
		};
/* End PBXShellScriptBuildPhase section */

/* Begin PBXSourcesBuildPhase section */
		A1340F3F25A46BBC0013ACD6 /* Sources */ = {
			isa = PBXSourcesBuildPhase;
			buildActionMask = 2147483647;
			files = (
				A1340F6425A46EB10013ACD6 /* tab2ViewController.swift in Sources */,
				A1340F4B25A46BBC0013ACD6 /* ViewController.swift in Sources */,
				A13526EB25A545E900C787F5 /* roundborder.swift in Sources */,
				A1340F6725A46EBD0013ACD6 /* tab3ViewController.swift in Sources */,
				A1340F4725A46BBC0013ACD6 /* AppDelegate.swift in Sources */,
				A1340F6125A46EA60013ACD6 /* tab1ViewController.swift in Sources */,
				A1340F6A25A471450013ACD6 /* menuViewController.swift in Sources */,
				A1340F4925A46BBC0013ACD6 /* SceneDelegate.swift in Sources */,
			);
			runOnlyForDeploymentPostprocessing = 0;
		};
/* End PBXSourcesBuildPhase section */

/* Begin PBXVariantGroup section */
		A1340F4C25A46BBC0013ACD6 /* Main.storyboard */ = {
			isa = PBXVariantGroup;
			children = (
				A1340F4D25A46BBC0013ACD6 /* Base */,
			);
			name = Main.storyboard;
			sourceTree = "<group>";
		};
		A1340F5125A46BBD0013ACD6 /* LaunchScreen.storyboard */ = {
			isa = PBXVariantGroup;
			children = (
				A1340F5225A46BBD0013ACD6 /* Base */,
			);
			name = LaunchScreen.storyboard;
			sourceTree = "<group>";
		};
/* End PBXVariantGroup section */

/* Begin XCBuildConfiguration section */
		A1340F5525A46BBD0013ACD6 /* Debug */ = {
			isa = XCBuildConfiguration;
			buildSettings = {
				ALWAYS_SEARCH_USER_PATHS = NO;
				CLANG_ANALYZER_NONNULL = YES;
				CLANG_ANALYZER_NUMBER_OBJECT_CONVERSION = YES_AGGRESSIVE;
				CLANG_CXX_LANGUAGE_STANDARD = "gnu++14";
				CLANG_CXX_LIBRARY = "libc++";
				CLANG_ENABLE_MODULES = YES;
				CLANG_ENABLE_OBJC_ARC = YES;
				CLANG_ENABLE_OBJC_WEAK = YES;
				CLANG_WARN_BLOCK_CAPTURE_AUTORELEASING = YES;
				CLANG_WARN_BOOL_CONVERSION = YES;
				CLANG_WARN_COMMA = YES;
				CLANG_WARN_CONSTANT_CONVERSION = YES;
				CLANG_WARN_DEPRECATED_OBJC_IMPLEMENTATIONS = YES;
				CLANG_WARN_DIRECT_OBJC_ISA_USAGE = YES_ERROR;
				CLANG_WARN_DOCUMENTATION_COMMENTS = YES;
				CLANG_WARN_EMPTY_BODY = YES;
				CLANG_WARN_ENUM_CONVERSION = YES;
				CLANG_WARN_INFINITE_RECURSION = YES;
				CLANG_WARN_INT_CONVERSION = YES;
				CLANG_WARN_NON_LITERAL_NULL_CONVERSION = YES;
				CLANG_WARN_OBJC_IMPLICIT_RETAIN_SELF = YES;
				CLANG_WARN_OBJC_LITERAL_CONVERSION = YES;
				CLANG_WARN_OBJC_ROOT_CLASS = YES_ERROR;
				CLANG_WARN_QUOTED_INCLUDE_IN_FRAMEWORK_HEADER = YES;
				CLANG_WARN_RANGE_LOOP_ANALYSIS = YES;
				CLANG_WARN_STRICT_PROTOTYPES = YES;
				CLANG_WARN_SUSPICIOUS_MOVE = YES;
				CLANG_WARN_UNGUARDED_AVAILABILITY = YES_AGGRESSIVE;
				CLANG_WARN_UNREACHABLE_CODE = YES;
				CLANG_WARN__DUPLICATE_METHOD_MATCH = YES;
				COPY_PHASE_STRIP = NO;
				DEBUG_INFORMATION_FORMAT = dwarf;
				ENABLE_STRICT_OBJC_MSGSEND = YES;
				ENABLE_TESTABILITY = YES;
				GCC_C_LANGUAGE_STANDARD = gnu11;
				GCC_DYNAMIC_NO_PIC = NO;
				GCC_NO_COMMON_BLOCKS = YES;
				GCC_OPTIMIZATION_LEVEL = 0;
				GCC_PREPROCESSOR_DEFINITIONS = (
					"DEBUG=1",
					"$(inherited)",
				);
				GCC_WARN_64_TO_32_BIT_CONVERSION = YES;
				GCC_WARN_ABOUT_RETURN_TYPE = YES_ERROR;
				GCC_WARN_UNDECLARED_SELECTOR = YES;
				GCC_WARN_UNINITIALIZED_AUTOS = YES_AGGRESSIVE;
				GCC_WARN_UNUSED_FUNCTION = YES;
				GCC_WARN_UNUSED_VARIABLE = YES;
				IPHONEOS_DEPLOYMENT_TARGET = 14.3;
				MTL_ENABLE_DEBUG_INFO = INCLUDE_SOURCE;
				MTL_FAST_MATH = YES;
				ONLY_ACTIVE_ARCH = YES;
				SDKROOT = iphoneos;
				SWIFT_ACTIVE_COMPILATION_CONDITIONS = DEBUG;
				SWIFT_OPTIMIZATION_LEVEL = "-Onone";
			};
			name = Debug;
		};
		A1340F5625A46BBD0013ACD6 /* Release */ = {
			isa = XCBuildConfiguration;
			buildSettings = {
				ALWAYS_SEARCH_USER_PATHS = NO;
				CLANG_ANALYZER_NONNULL = YES;
				CLANG_ANALYZER_NUMBER_OBJECT_CONVERSION = YES_AGGRESSIVE;
				CLANG_CXX_LANGUAGE_STANDARD = "gnu++14";
				CLANG_CXX_LIBRARY = "libc++";
				CLANG_ENABLE_MODULES = YES;
				CLANG_ENABLE_OBJC_ARC = YES;
				CLANG_ENABLE_OBJC_WEAK = YES;
				CLANG_WARN_BLOCK_CAPTURE_AUTORELEASING = YES;
				CLANG_WARN_BOOL_CONVERSION = YES;
				CLANG_WARN_COMMA = YES;
				CLANG_WARN_CONSTANT_CONVERSION = YES;
				CLANG_WARN_DEPRECATED_OBJC_IMPLEMENTATIONS = YES;
				CLANG_WARN_DIRECT_OBJC_ISA_USAGE = YES_ERROR;
				CLANG_WARN_DOCUMENTATION_COMMENTS = YES;
				CLANG_WARN_EMPTY_BODY = YES;
				CLANG_WARN_ENUM_CONVERSION = YES;
				CLANG_WARN_INFINITE_RECURSION = YES;
				CLANG_WARN_INT_CONVERSION = YES;
				CLANG_WARN_NON_LITERAL_NULL_CONVERSION = YES;
				CLANG_WARN_OBJC_IMPLICIT_RETAIN_SELF = YES;
				CLANG_WARN_OBJC_LITERAL_CONVERSION = YES;
				CLANG_WARN_OBJC_ROOT_CLASS = YES_ERROR;
				CLANG_WARN_QUOTED_INCLUDE_IN_FRAMEWORK_HEADER = YES;
				CLANG_WARN_RANGE_LOOP_ANALYSIS = YES;
				CLANG_WARN_STRICT_PROTOTYPES = YES;
				CLANG_WARN_SUSPICIOUS_MOVE = YES;
				CLANG_WARN_UNGUARDED_AVAILABILITY = YES_AGGRESSIVE;
				CLANG_WARN_UNREACHABLE_CODE = YES;
				CLANG_WARN__DUPLICATE_METHOD_MATCH = YES;
				COPY_PHASE_STRIP = NO;
				DEBUG_INFORMATION_FORMAT = "dwarf-with-dsym";
				ENABLE_NS_ASSERTIONS = NO;
				ENABLE_STRICT_OBJC_MSGSEND = YES;
				GCC_C_LANGUAGE_STANDARD = gnu11;
				GCC_NO_COMMON_BLOCKS = YES;
				GCC_WARN_64_TO_32_BIT_CONVERSION = YES;
				GCC_WARN_ABOUT_RETURN_TYPE = YES_ERROR;
				GCC_WARN_UNDECLARED_SELECTOR = YES;
				GCC_WARN_UNINITIALIZED_AUTOS = YES_AGGRESSIVE;
				GCC_WARN_UNUSED_FUNCTION = YES;
				GCC_WARN_UNUSED_VARIABLE = YES;
				IPHONEOS_DEPLOYMENT_TARGET = 14.3;
				MTL_ENABLE_DEBUG_INFO = NO;
				MTL_FAST_MATH = YES;
				SDKROOT = iphoneos;
				SWIFT_COMPILATION_MODE = wholemodule;
				SWIFT_OPTIMIZATION_LEVEL = "-O";
				VALIDATE_PRODUCT = YES;
			};
			name = Release;
		};
		A1340F5825A46BBD0013ACD6 /* Debug */ = {
			isa = XCBuildConfiguration;
			baseConfigurationReference = 9AC2E2FE97CDB2C43B725F62 /* Pods-SideMenu_test1.debug.xcconfig */;
			buildSettings = {
				ASSETCATALOG_COMPILER_APPICON_NAME = AppIcon;
				ASSETCATALOG_COMPILER_GLOBAL_ACCENT_COLOR_NAME = AccentColor;
				CODE_SIGN_STYLE = Automatic;
				DEVELOPMENT_TEAM = "";
				INFOPLIST_FILE = SideMenu_test1/Info.plist;
				IPHONEOS_DEPLOYMENT_TARGET = 11.0;
				LD_RUNPATH_SEARCH_PATHS = (
					"$(inherited)",
					"@executable_path/Frameworks",
				);
				PRODUCT_BUNDLE_IDENTIFIER = "com.daeseong.SideMenu-test1";
				PRODUCT_NAME = "$(TARGET_NAME)";
				SWIFT_VERSION = 5.0;
				TARGETED_DEVICE_FAMILY = 1;
			};
			name = Debug;
		};
		A1340F5925A46BBD0013ACD6 /* Release */ = {
			isa = XCBuildConfiguration;
			baseConfigurationReference = BFCDCB1B1F11E858B27D7BB1 /* Pods-SideMenu_test1.release.xcconfig */;
			buildSettings = {
				ASSETCATALOG_COMPILER_APPICON_NAME = AppIcon;
				ASSETCATALOG_COMPILER_GLOBAL_ACCENT_COLOR_NAME = AccentColor;
				CODE_SIGN_STYLE = Automatic;
				DEVELOPMENT_TEAM = "";
				INFOPLIST_FILE = SideMenu_test1/Info.plist;
				IPHONEOS_DEPLOYMENT_TARGET = 11.0;
				LD_RUNPATH_SEARCH_PATHS = (
					"$(inherited)",
					"@executable_path/Frameworks",
				);
				PRODUCT_BUNDLE_IDENTIFIER = "com.daeseong.SideMenu-test1";
				PRODUCT_NAME = "$(TARGET_NAME)";
				SWIFT_VERSION = 5.0;
				TARGETED_DEVICE_FAMILY = 1;
			};
			name = Release;
		};
/* End XCBuildConfiguration section */

/* Begin XCConfigurationList section */
		A1340F3E25A46BBC0013ACD6 /* Build configuration list for PBXProject "SideMenu_test1" */ = {
			isa = XCConfigurationList;
			buildConfigurations = (
				A1340F5525A46BBD0013ACD6 /* Debug */,
				A1340F5625A46BBD0013ACD6 /* Release */,
			);
			defaultConfigurationIsVisible = 0;
			defaultConfigurationName = Release;
		};
		A1340F5725A46BBD0013ACD6 /* Build configuration list for PBXNativeTarget "SideMenu_test1" */ = {
			isa = XCConfigurationList;
			buildConfigurations = (
				A1340F5825A46BBD0013ACD6 /* Debug */,
				A1340F5925A46BBD0013ACD6 /* Release */,
			);
			defaultConfigurationIsVisible = 0;
			defaultConfigurationName = Release;
		};
/* End XCConfigurationList section */
	};
	rootObject = A1340F3B25A46BBC0013ACD6 /* Project object */;
}
