// !$*UTF8*$!
{
	archiveVersion = 1;
	classes = {
	};
	objectVersion = 51;
	objects = {

/* Begin PBXBuildFile section */
		A1C1B05F25149D99006CECB2 /* AppDelegate.swift in Sources */ = {isa = PBXBuildFile; fileRef = A1C1B05E25149D99006CECB2 /* AppDelegate.swift */; };
		A1C1B06125149D99006CECB2 /* ViewController.swift in Sources */ = {isa = PBXBuildFile; fileRef = A1C1B06025149D99006CECB2 /* ViewController.swift */; };
		A1C1B06425149D99006CECB2 /* Main.storyboard in Resources */ = {isa = PBXBuildFile; fileRef = A1C1B06225149D99006CECB2 /* Main.storyboard */; };
		A1C1B06625149D9A006CECB2 /* Assets.xcassets in Resources */ = {isa = PBXBuildFile; fileRef = A1C1B06525149D9A006CECB2 /* Assets.xcassets */; };
		A1C1B06925149D9A006CECB2 /* LaunchScreen.storyboard in Resources */ = {isa = PBXBuildFile; fileRef = A1C1B06725149D9A006CECB2 /* LaunchScreen.storyboard */; };
		B77AC38009CECC0FC9DA40AE /* Pods_SCLAlertView_test.framework in Frameworks */ = {isa = PBXBuildFile; fileRef = 3FEF16D30DC634B6016595EA /* Pods_SCLAlertView_test.framework */; };
/* End PBXBuildFile section */

/* Begin PBXFileReference section */
		10B0210E2BB91DFCDED35A97 /* Pods-SCLAlertView_test.debug.xcconfig */ = {isa = PBXFileReference; includeInIndex = 1; lastKnownFileType = text.xcconfig; name = "Pods-SCLAlertView_test.debug.xcconfig"; path = "Target Support Files/Pods-SCLAlertView_test/Pods-SCLAlertView_test.debug.xcconfig"; sourceTree = "<group>"; };
		3FEF16D30DC634B6016595EA /* Pods_SCLAlertView_test.framework */ = {isa = PBXFileReference; explicitFileType = wrapper.framework; includeInIndex = 0; path = Pods_SCLAlertView_test.framework; sourceTree = BUILT_PRODUCTS_DIR; };
		A1C1B05B25149D99006CECB2 /* SCLAlertView_test.app */ = {isa = PBXFileReference; explicitFileType = wrapper.application; includeInIndex = 0; path = SCLAlertView_test.app; sourceTree = BUILT_PRODUCTS_DIR; };
		A1C1B05E25149D99006CECB2 /* AppDelegate.swift */ = {isa = PBXFileReference; lastKnownFileType = sourcecode.swift; path = AppDelegate.swift; sourceTree = "<group>"; };
		A1C1B06025149D99006CECB2 /* ViewController.swift */ = {isa = PBXFileReference; lastKnownFileType = sourcecode.swift; path = ViewController.swift; sourceTree = "<group>"; };
		A1C1B06325149D99006CECB2 /* Base */ = {isa = PBXFileReference; lastKnownFileType = file.storyboard; name = Base; path = Base.lproj/Main.storyboard; sourceTree = "<group>"; };
		A1C1B06525149D9A006CECB2 /* Assets.xcassets */ = {isa = PBXFileReference; lastKnownFileType = folder.assetcatalog; path = Assets.xcassets; sourceTree = "<group>"; };
		A1C1B06825149D9A006CECB2 /* Base */ = {isa = PBXFileReference; lastKnownFileType = file.storyboard; name = Base; path = Base.lproj/LaunchScreen.storyboard; sourceTree = "<group>"; };
		A1C1B06A25149D9A006CECB2 /* Info.plist */ = {isa = PBXFileReference; lastKnownFileType = text.plist.xml; path = Info.plist; sourceTree = "<group>"; };
		E4D69F4686F85A349148419B /* Pods-SCLAlertView_test.release.xcconfig */ = {isa = PBXFileReference; includeInIndex = 1; lastKnownFileType = text.xcconfig; name = "Pods-SCLAlertView_test.release.xcconfig"; path = "Target Support Files/Pods-SCLAlertView_test/Pods-SCLAlertView_test.release.xcconfig"; sourceTree = "<group>"; };
/* End PBXFileReference section */

/* Begin PBXFrameworksBuildPhase section */
		A1C1B05825149D99006CECB2 /* Frameworks */ = {
			isa = PBXFrameworksBuildPhase;
			buildActionMask = 2147483647;
			files = (
				B77AC38009CECC0FC9DA40AE /* Pods_SCLAlertView_test.framework in Frameworks */,
			);
			runOnlyForDeploymentPostprocessing = 0;
		};
/* End PBXFrameworksBuildPhase section */

/* Begin PBXGroup section */
		04A72F0C084B0EAEFBBA1DD8 /* Pods */ = {
			isa = PBXGroup;
			children = (
				10B0210E2BB91DFCDED35A97 /* Pods-SCLAlertView_test.debug.xcconfig */,
				E4D69F4686F85A349148419B /* Pods-SCLAlertView_test.release.xcconfig */,
			);
			path = Pods;
			sourceTree = "<group>";
		};
		A1C1B05225149D99006CECB2 = {
			isa = PBXGroup;
			children = (
				A1C1B05D25149D99006CECB2 /* SCLAlertView_test */,
				A1C1B05C25149D99006CECB2 /* Products */,
				04A72F0C084B0EAEFBBA1DD8 /* Pods */,
				A832EDC24655E7743025BA50 /* Frameworks */,
			);
			sourceTree = "<group>";
		};
		A1C1B05C25149D99006CECB2 /* Products */ = {
			isa = PBXGroup;
			children = (
				A1C1B05B25149D99006CECB2 /* SCLAlertView_test.app */,
			);
			name = Products;
			sourceTree = "<group>";
		};
		A1C1B05D25149D99006CECB2 /* SCLAlertView_test */ = {
			isa = PBXGroup;
			children = (
				A1C1B05E25149D99006CECB2 /* AppDelegate.swift */,
				A1C1B06025149D99006CECB2 /* ViewController.swift */,
				A1C1B06225149D99006CECB2 /* Main.storyboard */,
				A1C1B06525149D9A006CECB2 /* Assets.xcassets */,
				A1C1B06725149D9A006CECB2 /* LaunchScreen.storyboard */,
				A1C1B06A25149D9A006CECB2 /* Info.plist */,
			);
			path = SCLAlertView_test;
			sourceTree = "<group>";
		};
		A832EDC24655E7743025BA50 /* Frameworks */ = {
			isa = PBXGroup;
			children = (
				3FEF16D30DC634B6016595EA /* Pods_SCLAlertView_test.framework */,
			);
			name = Frameworks;
			sourceTree = "<group>";
		};
/* End PBXGroup section */

/* Begin PBXNativeTarget section */
		A1C1B05A25149D99006CECB2 /* SCLAlertView_test */ = {
			isa = PBXNativeTarget;
			buildConfigurationList = A1C1B06D25149D9A006CECB2 /* Build configuration list for PBXNativeTarget "SCLAlertView_test" */;
			buildPhases = (
				E2741E030239D187E37B4A46 /* [CP] Check Pods Manifest.lock */,
				A1C1B05725149D99006CECB2 /* Sources */,
				A1C1B05825149D99006CECB2 /* Frameworks */,
				A1C1B05925149D99006CECB2 /* Resources */,
				98B5EDED98C8022EC3785C05 /* [CP] Embed Pods Frameworks */,
			);
			buildRules = (
			);
			dependencies = (
			);
			name = SCLAlertView_test;
			productName = SCLAlertView_test;
			productReference = A1C1B05B25149D99006CECB2 /* SCLAlertView_test.app */;
			productType = "com.apple.product-type.application";
		};
/* End PBXNativeTarget section */

/* Begin PBXProject section */
		A1C1B05325149D99006CECB2 /* Project object */ = {
			isa = PBXProject;
			attributes = {
				LastSwiftUpdateCheck = 1000;
				LastUpgradeCheck = 1000;
				ORGANIZATIONNAME = daeseong;
				TargetAttributes = {
					A1C1B05A25149D99006CECB2 = {
						CreatedOnToolsVersion = 10.0;
					};
				};
			};
			buildConfigurationList = A1C1B05625149D99006CECB2 /* Build configuration list for PBXProject "SCLAlertView_test" */;
			compatibilityVersion = "Xcode 9.3";
			developmentRegion = en;
			hasScannedForEncodings = 0;
			knownRegions = (
				en,
				Base,
			);
			mainGroup = A1C1B05225149D99006CECB2;
			productRefGroup = A1C1B05C25149D99006CECB2 /* Products */;
			projectDirPath = "";
			projectRoot = "";
			targets = (
				A1C1B05A25149D99006CECB2 /* SCLAlertView_test */,
			);
		};
/* End PBXProject section */

/* Begin PBXResourcesBuildPhase section */
		A1C1B05925149D99006CECB2 /* Resources */ = {
			isa = PBXResourcesBuildPhase;
			buildActionMask = 2147483647;
			files = (
				A1C1B06925149D9A006CECB2 /* LaunchScreen.storyboard in Resources */,
				A1C1B06625149D9A006CECB2 /* Assets.xcassets in Resources */,
				A1C1B06425149D99006CECB2 /* Main.storyboard in Resources */,
			);
			runOnlyForDeploymentPostprocessing = 0;
		};
/* End PBXResourcesBuildPhase section */

/* Begin PBXShellScriptBuildPhase section */
		98B5EDED98C8022EC3785C05 /* [CP] Embed Pods Frameworks */ = {
			isa = PBXShellScriptBuildPhase;
			buildActionMask = 2147483647;
			files = (
			);
			inputFileListPaths = (
				"${PODS_ROOT}/Target Support Files/Pods-SCLAlertView_test/Pods-SCLAlertView_test-frameworks-${CONFIGURATION}-input-files.xcfilelist",
			);
			name = "[CP] Embed Pods Frameworks";
			outputFileListPaths = (
				"${PODS_ROOT}/Target Support Files/Pods-SCLAlertView_test/Pods-SCLAlertView_test-frameworks-${CONFIGURATION}-output-files.xcfilelist",
			);
			runOnlyForDeploymentPostprocessing = 0;
			shellPath = /bin/sh;
			shellScript = "\"${PODS_ROOT}/Target Support Files/Pods-SCLAlertView_test/Pods-SCLAlertView_test-frameworks.sh\"\n";
			showEnvVarsInLog = 0;
		};
		E2741E030239D187E37B4A46 /* [CP] Check Pods Manifest.lock */ = {
			isa = PBXShellScriptBuildPhase;
			buildActionMask = 2147483647;
			files = (
			);
			inputFileListPaths = (
			);
			inputPaths = (
				"${PODS_PODFILE_DIR_PATH}/Podfile.lock",
				"${PODS_ROOT}/Manifest.lock",
			);
			name = "[CP] Check Pods Manifest.lock";
			outputFileListPaths = (
			);
			outputPaths = (
				"$(DERIVED_FILE_DIR)/Pods-SCLAlertView_test-checkManifestLockResult.txt",
			);
			runOnlyForDeploymentPostprocessing = 0;
			shellPath = /bin/sh;
			shellScript = "diff \"${PODS_PODFILE_DIR_PATH}/Podfile.lock\" \"${PODS_ROOT}/Manifest.lock\" > /dev/null\nif [ $? != 0 ] ; then\n    # print error to STDERR\n    echo \"error: The sandbox is not in sync with the Podfile.lock. Run 'pod install' or update your CocoaPods installation.\" >&2\n    exit 1\nfi\n# This output is used by Xcode 'outputs' to avoid re-running this script phase.\necho \"SUCCESS\" > \"${SCRIPT_OUTPUT_FILE_0}\"\n";
			showEnvVarsInLog = 0;
		};
/* End PBXShellScriptBuildPhase section */

/* Begin PBXSourcesBuildPhase section */
		A1C1B05725149D99006CECB2 /* Sources */ = {
			isa = PBXSourcesBuildPhase;
			buildActionMask = 2147483647;
			files = (
				A1C1B06125149D99006CECB2 /* ViewController.swift in Sources */,
				A1C1B05F25149D99006CECB2 /* AppDelegate.swift in Sources */,
			);
			runOnlyForDeploymentPostprocessing = 0;
		};
/* End PBXSourcesBuildPhase section */

/* Begin PBXVariantGroup section */
		A1C1B06225149D99006CECB2 /* Main.storyboard */ = {
			isa = PBXVariantGroup;
			children = (
				A1C1B06325149D99006CECB2 /* Base */,
			);
			name = Main.storyboard;
			sourceTree = "<group>";
		};
		A1C1B06725149D9A006CECB2 /* LaunchScreen.storyboard */ = {
			isa = PBXVariantGroup;
			children = (
				A1C1B06825149D9A006CECB2 /* Base */,
			);
			name = LaunchScreen.storyboard;
			sourceTree = "<group>";
		};
/* End PBXVariantGroup section */

/* Begin XCBuildConfiguration section */
		A1C1B06B25149D9A006CECB2 /* Debug */ = {
			isa = XCBuildConfiguration;
			buildSettings = {
				ALWAYS_SEARCH_USER_PATHS = NO;
				CLANG_ANALYZER_NONNULL = YES;
				CLANG_ANALYZER_NUMBER_OBJECT_CONVERSION = YES_AGGRESSIVE;
				CLANG_CXX_LANGUAGE_STANDARD = "gnu++14";
				CLANG_CXX_LIBRARY = "libc++";
				CLANG_ENABLE_MODULES = YES;
				CLANG_ENABLE_OBJC_ARC = YES;
				CLANG_ENABLE_OBJC_WEAK = YES;
				CLANG_WARN_BLOCK_CAPTURE_AUTORELEASING = YES;
				CLANG_WARN_BOOL_CONVERSION = YES;
				CLANG_WARN_COMMA = YES;
				CLANG_WARN_CONSTANT_CONVERSION = YES;
				CLANG_WARN_DEPRECATED_OBJC_IMPLEMENTATIONS = YES;
				CLANG_WARN_DIRECT_OBJC_ISA_USAGE = YES_ERROR;
				CLANG_WARN_DOCUMENTATION_COMMENTS = YES;
				CLANG_WARN_EMPTY_BODY = YES;
				CLANG_WARN_ENUM_CONVERSION = YES;
				CLANG_WARN_INFINITE_RECURSION = YES;
				CLANG_WARN_INT_CONVERSION = YES;
				CLANG_WARN_NON_LITERAL_NULL_CONVERSION = YES;
				CLANG_WARN_OBJC_IMPLICIT_RETAIN_SELF = YES;
				CLANG_WARN_OBJC_LITERAL_CONVERSION = YES;
				CLANG_WARN_OBJC_ROOT_CLASS = YES_ERROR;
				CLANG_WARN_RANGE_LOOP_ANALYSIS = YES;
				CLANG_WARN_STRICT_PROTOTYPES = YES;
				CLANG_WARN_SUSPICIOUS_MOVE = YES;
				CLANG_WARN_UNGUARDED_AVAILABILITY = YES_AGGRESSIVE;
				CLANG_WARN_UNREACHABLE_CODE = YES;
				CLANG_WARN__DUPLICATE_METHOD_MATCH = YES;
				CODE_SIGN_IDENTITY = "iPhone Developer";
				COPY_PHASE_STRIP = NO;
				DEBUG_INFORMATION_FORMAT = dwarf;
				ENABLE_STRICT_OBJC_MSGSEND = YES;
				ENABLE_TESTABILITY = YES;
				GCC_C_LANGUAGE_STANDARD = gnu11;
				GCC_DYNAMIC_NO_PIC = NO;
				GCC_NO_COMMON_BLOCKS = YES;
				GCC_OPTIMIZATION_LEVEL = 0;
				GCC_PREPROCESSOR_DEFINITIONS = (
					"DEBUG=1",
					"$(inherited)",
				);
				GCC_WARN_64_TO_32_BIT_CONVERSION = YES;
				GCC_WARN_ABOUT_RETURN_TYPE = YES_ERROR;
				GCC_WARN_UNDECLARED_SELECTOR = YES;
				GCC_WARN_UNINITIALIZED_AUTOS = YES_AGGRESSIVE;
				GCC_WARN_UNUSED_FUNCTION = YES;
				GCC_WARN_UNUSED_VARIABLE = YES;
				IPHONEOS_DEPLOYMENT_TARGET = 12.0;
				MTL_ENABLE_DEBUG_INFO = INCLUDE_SOURCE;
				MTL_FAST_MATH = YES;
				ONLY_ACTIVE_ARCH = YES;
				SDKROOT = iphoneos;
				SWIFT_ACTIVE_COMPILATION_CONDITIONS = DEBUG;
				SWIFT_OPTIMIZATION_LEVEL = "-Onone";
			};
			name = Debug;
		};
		A1C1B06C25149D9A006CECB2 /* Release */ = {
			isa = XCBuildConfiguration;
			buildSettings = {
				ALWAYS_SEARCH_USER_PATHS = NO;
				CLANG_ANALYZER_NONNULL = YES;
				CLANG_ANALYZER_NUMBER_OBJECT_CONVERSION = YES_AGGRESSIVE;
				CLANG_CXX_LANGUAGE_STANDARD = "gnu++14";
				CLANG_CXX_LIBRARY = "libc++";
				CLANG_ENABLE_MODULES = YES;
				CLANG_ENABLE_OBJC_ARC = YES;
				CLANG_ENABLE_OBJC_WEAK = YES;
				CLANG_WARN_BLOCK_CAPTURE_AUTORELEASING = YES;
				CLANG_WARN_BOOL_CONVERSION = YES;
				CLANG_WARN_COMMA = YES;
				CLANG_WARN_CONSTANT_CONVERSION = YES;
				CLANG_WARN_DEPRECATED_OBJC_IMPLEMENTATIONS = YES;
				CLANG_WARN_DIRECT_OBJC_ISA_USAGE = YES_ERROR;
				CLANG_WARN_DOCUMENTATION_COMMENTS = YES;
				CLANG_WARN_EMPTY_BODY = YES;
				CLANG_WARN_ENUM_CONVERSION = YES;
				CLANG_WARN_INFINITE_RECURSION = YES;
				CLANG_WARN_INT_CONVERSION = YES;
				CLANG_WARN_NON_LITERAL_NULL_CONVERSION = YES;
				CLANG_WARN_OBJC_IMPLICIT_RETAIN_SELF = YES;
				CLANG_WARN_OBJC_LITERAL_CONVERSION = YES;
				CLANG_WARN_OBJC_ROOT_CLASS = YES_ERROR;
				CLANG_WARN_RANGE_LOOP_ANALYSIS = YES;
				CLANG_WARN_STRICT_PROTOTYPES = YES;
				CLANG_WARN_SUSPICIOUS_MOVE = YES;
				CLANG_WARN_UNGUARDED_AVAILABILITY = YES_AGGRESSIVE;
				CLANG_WARN_UNREACHABLE_CODE = YES;
				CLANG_WARN__DUPLICATE_METHOD_MATCH = YES;
				CODE_SIGN_IDENTITY = "iPhone Developer";
				COPY_PHASE_STRIP = NO;
				DEBUG_INFORMATION_FORMAT = "dwarf-with-dsym";
				ENABLE_NS_ASSERTIONS = NO;
				ENABLE_STRICT_OBJC_MSGSEND = YES;
				GCC_C_LANGUAGE_STANDARD = gnu11;
				GCC_NO_COMMON_BLOCKS = YES;
				GCC_WARN_64_TO_32_BIT_CONVERSION = YES;
				GCC_WARN_ABOUT_RETURN_TYPE = YES_ERROR;
				GCC_WARN_UNDECLARED_SELECTOR = YES;
				GCC_WARN_UNINITIALIZED_AUTOS = YES_AGGRESSIVE;
				GCC_WARN_UNUSED_FUNCTION = YES;
				GCC_WARN_UNUSED_VARIABLE = YES;
				IPHONEOS_DEPLOYMENT_TARGET = 12.0;
				MTL_ENABLE_DEBUG_INFO = NO;
				MTL_FAST_MATH = YES;
				SDKROOT = iphoneos;
				SWIFT_COMPILATION_MODE = wholemodule;
				SWIFT_OPTIMIZATION_LEVEL = "-O";
				VALIDATE_PRODUCT = YES;
			};
			name = Release;
		};
		A1C1B06E25149D9A006CECB2 /* Debug */ = {
			isa = XCBuildConfiguration;
			baseConfigurationReference = 10B0210E2BB91DFCDED35A97 /* Pods-SCLAlertView_test.debug.xcconfig */;
			buildSettings = {
				ASSETCATALOG_COMPILER_APPICON_NAME = AppIcon;
				CODE_SIGN_STYLE = Automatic;
				DEVELOPMENT_TEAM = "";
				INFOPLIST_FILE = SCLAlertView_test/Info.plist;
				LD_RUNPATH_SEARCH_PATHS = (
					"$(inherited)",
					"@executable_path/Frameworks",
				);
				PRODUCT_BUNDLE_IDENTIFIER = "com.daeseong.SCLAlertView-test";
				PRODUCT_NAME = "$(TARGET_NAME)";
				SWIFT_VERSION = 4.2;
				TARGETED_DEVICE_FAMILY = "1,2";
			};
			name = Debug;
		};
		A1C1B06F25149D9A006CECB2 /* Release */ = {
			isa = XCBuildConfiguration;
			baseConfigurationReference = E4D69F4686F85A349148419B /* Pods-SCLAlertView_test.release.xcconfig */;
			buildSettings = {
				ASSETCATALOG_COMPILER_APPICON_NAME = AppIcon;
				CODE_SIGN_STYLE = Automatic;
				DEVELOPMENT_TEAM = "";
				INFOPLIST_FILE = SCLAlertView_test/Info.plist;
				LD_RUNPATH_SEARCH_PATHS = (
					"$(inherited)",
					"@executable_path/Frameworks",
				);
				PRODUCT_BUNDLE_IDENTIFIER = "com.daeseong.SCLAlertView-test";
				PRODUCT_NAME = "$(TARGET_NAME)";
				SWIFT_VERSION = 4.2;
				TARGETED_DEVICE_FAMILY = "1,2";
			};
			name = Release;
		};
/* End XCBuildConfiguration section */

/* Begin XCConfigurationList section */
		A1C1B05625149D99006CECB2 /* Build configuration list for PBXProject "SCLAlertView_test" */ = {
			isa = XCConfigurationList;
			buildConfigurations = (
				A1C1B06B25149D9A006CECB2 /* Debug */,
				A1C1B06C25149D9A006CECB2 /* Release */,
			);
			defaultConfigurationIsVisible = 0;
			defaultConfigurationName = Release;
		};
		A1C1B06D25149D9A006CECB2 /* Build configuration list for PBXNativeTarget "SCLAlertView_test" */ = {
			isa = XCConfigurationList;
			buildConfigurations = (
				A1C1B06E25149D9A006CECB2 /* Debug */,
				A1C1B06F25149D9A006CECB2 /* Release */,
			);
			defaultConfigurationIsVisible = 0;
			defaultConfigurationName = Release;
		};
/* End XCConfigurationList section */
	};
	rootObject = A1C1B05325149D99006CECB2 /* Project object */;
}
